{"format_version":"1.0","provider_schemas":{"registry.terraform.io/upcloudltd/upcloud":{"provider":{"version":0,"block":{"attributes":{"password":{"type":"string","description":"Password for UpCloud API user. Can also be configured using the `UPCLOUD_PASSWORD` environment variable.","description_kind":"plain","optional":true},"request_timeout_sec":{"type":"number","description":"The duration (in seconds) that the provider waits for an HTTP request towards UpCloud API to complete. Defaults to 120 seconds","description_kind":"plain","optional":true},"retry_max":{"type":"number","description":"Maximum number of retries","description_kind":"plain","optional":true},"retry_wait_max_sec":{"type":"number","description":"Maximum time to wait between retries","description_kind":"plain","optional":true},"retry_wait_min_sec":{"type":"number","description":"Minimum time to wait between retries","description_kind":"plain","optional":true},"username":{"type":"string","description":"UpCloud username with API access. Can also be configured using the `UPCLOUD_USERNAME` environment variable.","description_kind":"plain","optional":true}},"description_kind":"plain"}},"resource_schemas":{"upcloud_firewall_rules":{"version":0,"block":{"attributes":{"id":{"type":"string","description_kind":"plain","optional":true,"computed":true},"server_id":{"type":"string","description":"The unique id of the server to be protected the firewall rules","description_kind":"plain","required":true}},"block_types":{"firewall_rule":{"nesting_mode":"list","block":{"attributes":{"action":{"type":"string","description":"Action to take if the rule conditions are met","description_kind":"plain","required":true},"comment":{"type":"string","description":"Freeform comment string for the rule","description_kind":"plain","optional":true},"destination_address_end":{"type":"string","description":"The destination address range ends from this address","description_kind":"plain","optional":true},"destination_address_start":{"type":"string","description":"The destination address range starts from this address","description_kind":"plain","optional":true},"destination_port_end":{"type":"string","description":"The destination port range ends from this port number","description_kind":"plain","optional":true},"destination_port_start":{"type":"string","description":"The destination port range starts from this port number","description_kind":"plain","optional":true},"direction":{"type":"string","description":"The direction of network traffic this rule will be applied to","description_kind":"plain","required":true},"family":{"type":"string","description":"The address family of new firewall rule","description_kind":"plain","optional":true},"icmp_type":{"type":"string","description":"The ICMP type","description_kind":"plain","optional":true},"protocol":{"type":"string","description":"The protocol this rule will be applied to","description_kind":"plain","optional":true},"source_address_end":{"type":"string","description":"The source address range ends from this address","description_kind":"plain","optional":true},"source_address_start":{"type":"string","description":"The source address range starts from this address","description_kind":"plain","optional":true},"source_port_end":{"type":"string","description":"The source port range ends from this port number","description_kind":"plain","optional":true},"source_port_start":{"type":"string","description":"The source port range starts from this port number","description_kind":"plain","optional":true}},"description":"A single firewall rule.\n\t\t\t\tIf used, IP address and port ranges must have both start and end values specified. These can be the same value if only one IP address or port number is specified.\n\t\t\t\tSource and destination port numbers can only be set if the protocol is TCP or UDP.\n\t\t\t\tThe ICMP type may only be set if the protocol is ICMP.\n\t\t\t\tTypical firewall rule should have \"action\", \"direction\", \"protocol\", \"family\" and at least one destination/source-address/port range.\n\t\t\t\tThe default rule can be created by providing only \"action\" and \"direction\" attributes. Default rule should be defined last.","description_kind":"plain"},"min_items":1,"max_items":1000}},"description":"This resource represents a generated list of UpCloud firewall rules. \n\t\tFirewall rules are used in conjunction with UpCloud servers. \n\t\tEach server has its own firewall rules. \n\t\tThe firewall is enabled on all network interfaces except ones attached to private virtual networks. \n\t\tThe maximum number of firewall rules per server is 1000.","description_kind":"plain"}},"upcloud_floating_ip_address":{"version":0,"block":{"attributes":{"access":{"type":"string","description":"Network access for the floating IP address. Supported value: `public`.","description_kind":"markdown","optional":true,"computed":true},"family":{"type":"string","description":"The address family of the floating IP address.","description_kind":"markdown","optional":true,"computed":true},"id":{"type":"string","description":"Identifier of the floating IP address. Contains the same value as `ip_address`.","description_kind":"markdown","computed":true},"ip_address":{"type":"string","description":"An UpCloud assigned IP Address.","description_kind":"markdown","computed":true},"mac_address":{"type":"string","description":"MAC address of a server interface to assign address to.","description_kind":"markdown","optional":true},"zone":{"type":"string","description":"Zone of the address, e.g. `de-fra1`. Required when assigning a detached floating IP address. You can list available zones with `upctl zone list`.","description_kind":"markdown","optional":true,"computed":true}},"description":"This resource represents a UpCloud floating IP address resource.","description_kind":"plain"}},"upcloud_gateway":{"version":0,"block":{"attributes":{"addresses":{"type":["set",["object",{"address":"string","name":"string"}]],"description":"IP addresses assigned to the gateway.","description_kind":"plain","deprecated":true,"computed":true},"configured_status":{"type":"string","description":"The service configured status indicates the service's current intended status. Managed by the customer.","description_kind":"plain","optional":true},"connections":{"type":["list","string"],"description":"Names of connections attached to the gateway. Note that this field can have outdated information as connections are created by a separate resource. To make sure that you have the most recent data run 'terrafrom refresh'.","description_kind":"plain","computed":true},"features":{"type":["set","string"],"description":"Features enabled for the gateway. Note that VPN feature is currently in beta, for more details see https://upcloud.com/resources/docs/networking#nat-and-vpn-gateways.","description_kind":"plain","required":true},"id":{"type":"string","description_kind":"plain","optional":true,"computed":true},"labels":{"type":["map","string"],"description":"User defined key-value pairs to classify the network gateway.","description_kind":"plain","optional":true},"name":{"type":"string","description":"Gateway name. Needs to be unique within the account.","description_kind":"plain","required":true},"operational_state":{"type":"string","description":"The service operational state indicates the service's current operational, effective state. Managed by the system.","description_kind":"plain","computed":true},"plan":{"type":"string","description":"Gateway pricing plan.","description_kind":"plain","optional":true,"computed":true},"zone":{"type":"string","description":"Zone in which the gateway will be hosted, e.g. `de-fra1`.","description_kind":"plain","required":true}},"block_types":{"address":{"nesting_mode":"set","block":{"attributes":{"address":{"type":"string","description":"IP addresss","description_kind":"plain","computed":true},"name":{"type":"string","description":"Name of the IP address","description_kind":"plain","optional":true,"computed":true}},"description":"IP addresses assigned to the gateway.","description_kind":"plain"},"max_items":1},"router":{"nesting_mode":"list","block":{"attributes":{"id":{"type":"string","description":"ID of the router attached to the gateway.","description_kind":"plain","required":true}},"description":"Attached Router from where traffic is routed towards the network gateway service.","description_kind":"plain"},"min_items":1,"max_items":1}},"description":"Network gateways connect SDN Private Networks to external IP networks.","description_kind":"plain"}},"upcloud_gateway_connection":{"version":1,"block":{"attributes":{"gateway":{"type":"string","description":"The ID of the upcloud_gateway resource to which the connection belongs.","description_kind":"plain","required":true},"id":{"type":"string","description_kind":"plain","optional":true,"computed":true},"name":{"type":"string","description":"The name of the connection, should be unique within the gateway.","description_kind":"plain","required":true},"tunnels":{"type":["list","string"],"description":"List of connection's tunnels names. Note that this field can have outdated information as connections are created by a separate resource. To make sure that you have the most recent data run 'terrafrom refresh'.","description_kind":"plain","computed":true},"type":{"type":"string","description":"The type of the connection; currently the only supported type is 'ipsec'.","description_kind":"plain","optional":true},"uuid":{"type":"string","description":"The UUID of the connection","description_kind":"plain","computed":true}},"block_types":{"local_route":{"nesting_mode":"set","block":{"attributes":{"name":{"type":"string","description":"Name of the route","description_kind":"plain","required":true},"static_network":{"type":"string","description":"Destination prefix of the route; needs to be a valid IPv4 prefix","description_kind":"plain","required":true},"type":{"type":"string","description":"Type of route; currently the only supported type is 'static'","description_kind":"plain","optional":true}},"description":"Route for the UpCloud side of the network.","description_kind":"plain"}},"remote_route":{"nesting_mode":"set","block":{"attributes":{"name":{"type":"string","description":"Name of the route","description_kind":"plain","required":true},"static_network":{"type":"string","description":"Destination prefix of the route; needs to be a valid IPv4 prefix","description_kind":"plain","required":true},"type":{"type":"string","description":"Type of route; currently the only supported type is 'static'","description_kind":"plain","optional":true}},"description":"Route for the remote side of the network.","description_kind":"plain"}}},"description_kind":"plain"}},"upcloud_gateway_connection_tunnel":{"version":1,"block":{"attributes":{"connection_id":{"type":"string","description":"ID of the upcloud_gateway_connection resource to which the tunnel belongs","description_kind":"plain","required":true},"id":{"type":"string","description_kind":"plain","optional":true,"computed":true},"local_address_name":{"type":"string","description":"Public (UpCloud) endpoint address of this tunnel","description_kind":"plain","required":true},"name":{"type":"string","description":"The name of the tunnel, should be unique within the connection","description_kind":"plain","required":true},"operational_state":{"type":"string","description":"Tunnel's current operational, effective state","description_kind":"plain","computed":true},"remote_address":{"type":"string","description":"Remote public IP address of the tunnel","description_kind":"plain","required":true},"uuid":{"type":"string","description":"The UUID of the tunnel","description_kind":"plain","computed":true}},"block_types":{"ipsec_auth_psk":{"nesting_mode":"list","block":{"attributes":{"psk":{"type":"string","description":"The pre-shared key. This value is only used during resource creation and is not returned in the state. It is not possible to update this value. If you need to update it, delete the connection and create a new one.","description_kind":"plain","required":true,"sensitive":true}},"description":"Configuration for authenticating with pre-shared key","description_kind":"plain"},"min_items":1,"max_items":1},"ipsec_properties":{"nesting_mode":"list","block":{"attributes":{"child_rekey_time":{"type":"number","description":"IKE child SA rekey time in seconds.","description_kind":"plain","optional":true,"computed":true},"dpd_delay":{"type":"number","description":"Delay before sending Dead Peer Detection packets if no traffic is detected, in seconds.","description_kind":"plain","optional":true,"computed":true},"dpd_timeout":{"type":"number","description":"Timeout period for DPD reply before considering the peer to be dead, in seconds.","description_kind":"plain","optional":true,"computed":true},"ike_lifetime":{"type":"number","description":"Maximum IKE SA lifetime in seconds.","description_kind":"plain","optional":true,"computed":true},"phase1_algorithms":{"type":["set","string"],"description":"List of Phase 1: Proposal algorithms.","description_kind":"plain","optional":true,"computed":true},"phase1_dh_group_numbers":{"type":["set","number"],"description":"List of Phase 1 Diffie-Hellman group numbers.","description_kind":"plain","optional":true,"computed":true},"phase1_integrity_algorithms":{"type":["set","string"],"description":"List of Phase 1 integrity algorithms.","description_kind":"plain","optional":true,"computed":true},"phase2_algorithms":{"type":["set","string"],"description":"List of Phase 2: Security Association algorithms.","description_kind":"plain","optional":true,"computed":true},"phase2_dh_group_numbers":{"type":["set","number"],"description":"List of Phase 2 Diffie-Hellman group numbers.","description_kind":"plain","optional":true,"computed":true},"phase2_integrity_algorithms":{"type":["set","string"],"description":"List of Phase 2 integrity algorithms.","description_kind":"plain","optional":true,"computed":true},"rekey_time":{"type":"number","description":"IKE SA rekey time in seconds.","description_kind":"plain","optional":true,"computed":true}},"description":"IPsec configuration for the tunnel","description_kind":"plain"},"max_items":1}},"description_kind":"plain"}},"upcloud_kubernetes_cluster":{"version":0,"block":{"attributes":{"control_plane_ip_filter":{"type":["set","string"],"description":"IP addresses or IP ranges in CIDR format which are allowed to access the cluster control plane. To allow access from any source, use `[\"0.0.0.0/0\"]`. To deny access from all sources, use `[]`. Values set here do not restrict access to node groups or exposed Kubernetes services.","description_kind":"markdown","required":true},"id":{"type":"string","description":"UUID of the cluster.","description_kind":"markdown","computed":true},"labels":{"type":["map","string"],"description":"User defined key-value pairs to classify the cluster.","description_kind":"plain","optional":true,"computed":true},"name":{"type":"string","description":"Cluster name. Needs to be unique within the account.","description_kind":"markdown","required":true},"network":{"type":"string","description":"Network ID for the cluster to run in.","description_kind":"markdown","required":true},"network_cidr":{"type":"string","description":"Network CIDR for the given network. Computed automatically.","description_kind":"markdown","computed":true},"node_groups":{"type":["list","string"],"description":"Names of the node groups configured to cluster","description_kind":"markdown","computed":true},"plan":{"type":"string","description":"The pricing plan used for the cluster. Default plan is `development`. You can list available plans with `upctl kubernetes plans`.","description_kind":"markdown","optional":true,"computed":true},"private_node_groups":{"type":"bool","description":"Enable private node groups. Private node groups requires a network that is routed through NAT gateway.","description_kind":"markdown","optional":true,"computed":true},"state":{"type":"string","description":"Operational state of the cluster.","description_kind":"markdown","computed":true},"storage_encryption":{"type":"string","description":"Set default storage encryption strategy for all nodes in the cluster.","description_kind":"plain","optional":true},"version":{"type":"string","description":"Kubernetes version ID, e.g. `1.28`. You can list available version IDs with `upctl kubernetes versions`.","description_kind":"markdown","optional":true,"computed":true},"zone":{"type":"string","description":"Zone in which the Kubernetes cluster will be hosted, e.g. `de-fra1`. You can list available zones with `upctl zone list`.","description_kind":"markdown","required":true}},"description":"This resource represents a [Managed Kubernetes](https://upcloud.com/products/managed-kubernetes) cluster.","description_kind":"markdown"}},"upcloud_kubernetes_node_group":{"version":0,"block":{"attributes":{"anti_affinity":{"type":"bool","description":"If set to true, nodes in this group will be placed on separate compute hosts. Please note that anti-affinity policy is considered 'best effort' and enabling it does not fully guarantee that the nodes will end up on different hardware.","description_kind":"markdown","optional":true,"computed":true},"cluster":{"type":"string","description":"UUID of the cluster.","description_kind":"markdown","required":true},"id":{"type":"string","description":"Computed ID of the node group. This is a combination of the cluster UUID and the node group name, separated with a `/`.","description_kind":"markdown","computed":true},"labels":{"type":["map","string"],"description":"User defined key-value pairs to classify the node_group.","description_kind":"plain","optional":true,"computed":true},"name":{"type":"string","description":"The name of the node group. Needs to be unique within a cluster.","description_kind":"markdown","required":true},"node_count":{"type":"number","description":"Amount of nodes to provision in the node group.","description_kind":"markdown","required":true},"plan":{"type":"string","description":"The server plan used for the node group. You can list available plans with `upctl server plans`","description_kind":"markdown","required":true},"ssh_keys":{"type":["set","string"],"description":"You can optionally select SSH keys to be added as authorized keys to the nodes in this node group. This allows you to connect to the nodes via SSH once they are running.","description_kind":"markdown","optional":true,"computed":true},"storage_encryption":{"type":"string","description":"The storage encryption strategy to use for the nodes in this group. If not set, the cluster's storage encryption strategy will be used, if applicable.","description_kind":"markdown","optional":true,"computed":true},"utility_network_access":{"type":"bool","description":"If set to false, nodes in this group will not have access to utility network.","description_kind":"markdown","optional":true,"computed":true}},"block_types":{"custom_plan":{"nesting_mode":"list","block":{"attributes":{"cores":{"type":"number","description":"The number of CPU cores dedicated to individual node group nodes when using custom plan","description_kind":"markdown","required":true},"memory":{"type":"number","description":"The amount of memory in megabytes to assign to individual node group node when using custom plan. Value needs to be divisible by 1024.","description_kind":"markdown","required":true},"storage_size":{"type":"number","description":"The size of the storage device in gigabytes.","description_kind":"markdown","required":true},"storage_tier":{"type":"string","description":"The storage tier to use. Defaults to maxiops","description_kind":"markdown","optional":true,"computed":true}},"description":"Resource properties for custom plan","description_kind":"markdown"}},"kubelet_args":{"nesting_mode":"set","block":{"attributes":{"key":{"type":"string","description":"Kubelet argument key.","description_kind":"markdown","required":true},"value":{"type":"string","description":"Kubelet argument value.","description_kind":"markdown","required":true}},"description":"Additional arguments for kubelet for the nodes in this group. WARNING - those arguments will be passed directly to kubelet CLI on each worker node without any validation. Passing invalid arguments can break your whole cluster. Be extra careful when adding kubelet args.","description_kind":"markdown"}},"taint":{"nesting_mode":"set","block":{"attributes":{"effect":{"type":"string","description":"Taint effect.","description_kind":"markdown","required":true},"key":{"type":"string","description":"Taint key.","description_kind":"markdown","required":true},"value":{"type":"string","description":"Taint value.","description_kind":"markdown","required":true}},"description":"Taints for the nodes in this group.","description_kind":"markdown"}}},"description":"This resource represents a [Managed Kubernetes](https://upcloud.com/products/managed-kubernetes) cluster.","description_kind":"markdown"}},"upcloud_loadbalancer":{"version":0,"block":{"attributes":{"backends":{"type":["list","string"],"description":"Backends are groups of customer servers whose traffic should be balanced.","description_kind":"plain","computed":true},"configured_status":{"type":"string","description":"The service configured status indicates the service's current intended status. Managed by the customer.","description_kind":"plain","optional":true},"dns_name":{"type":"string","description":"DNS name of the load balancer","description_kind":"plain","deprecated":true,"computed":true},"frontends":{"type":["list","string"],"description":"Frontends receive the traffic before dispatching it to the backends.","description_kind":"plain","computed":true},"id":{"type":"string","description_kind":"plain","optional":true,"computed":true},"labels":{"type":["map","string"],"description":"User defined key-value pairs to classify the load balancer.","description_kind":"plain","optional":true},"maintenance_dow":{"type":"string","description":"The day of the week on which maintenance will be performed. If not provided, we will randomly select a weekend day. Valid values `monday|tuesday|wednesday|thursday|friday|saturday|sunday`.","description_kind":"plain","optional":true,"computed":true},"maintenance_time":{"type":"string","description":"The time at which the maintenance will begin in UTC. A 2-hour timeframe has been allocated for maintenance. During this period, the multi-node production plans will not experience any downtime, while the one-node plans will have a downtime of 1-2 minutes. If not provided, we will randomly select an off-peak time. Needs to be a valid time format in UTC HH:MM:SSZ, for example `20:01:01Z`.","description_kind":"plain","optional":true,"computed":true},"name":{"type":"string","description":"The name of the service must be unique within customer account.","description_kind":"plain","required":true},"network":{"type":"string","description":"Private network UUID where traffic will be routed. Must reside in load balancer zone.","description_kind":"plain","deprecated":true,"optional":true},"nodes":{"type":["list",["object",{"networks":["list",["object",{"ip_addresses":["list",["object",{"address":"string","listen":"bool"}]],"name":"string","type":"string"}]],"operational_state":"string"}]],"description":"Nodes are instances running load balancer service","description_kind":"plain","computed":true},"operational_state":{"type":"string","description":"The service operational state indicates the service's current operational, effective state. Managed by the system.","description_kind":"plain","computed":true},"plan":{"type":"string","description":"Plan which the service will have. You can list available load balancer plans with `upctl loadbalancer plans`","description_kind":"plain","required":true},"resolvers":{"type":["list","string"],"description":"Domain Name Resolvers must be configured in case of customer uses dynamic type members","description_kind":"plain","computed":true},"zone":{"type":"string","description":"Zone in which the service will be hosted, e.g. `fi-hel1`. You can list available zones with `upctl zone list`.","description_kind":"plain","required":true}},"block_types":{"networks":{"nesting_mode":"list","block":{"attributes":{"dns_name":{"type":"string","description":"DNS name of the load balancer network","description_kind":"plain","computed":true},"family":{"type":"string","description":"Network family. Currently only `IPv4` is supported.","description_kind":"plain","required":true},"id":{"type":"string","description":"Network identifier.","description_kind":"plain","computed":true},"name":{"type":"string","description":"The name of the network must be unique within the service.","description_kind":"plain","required":true},"network":{"type":"string","description":"Private network UUID. Required for private networks and must reside in loadbalancer zone. For public network the field should be omitted.","description_kind":"plain","optional":true},"type":{"type":"string","description":"The type of the network. Only one public network can be attached and at least one private network must be attached.","description_kind":"plain","required":true}},"description":"Attached Networks from where traffic consumed and routed. Private networks must reside in loadbalancer zone.","description_kind":"plain"},"max_items":8}},"description":"This resource represents [Managed Load Balancer](https://upcloud.com/products/managed-load-balancer) service.","description_kind":"plain"}},"upcloud_loadbalancer_backend":{"version":0,"block":{"attributes":{"id":{"type":"string","description_kind":"plain","optional":true,"computed":true},"loadbalancer":{"type":"string","description":"ID of the load balancer to which the backend is connected.","description_kind":"plain","required":true},"members":{"type":["list","string"],"description":"Backend members receive traffic dispatched from the frontends","description_kind":"plain","computed":true},"name":{"type":"string","description":"The name of the backend must be unique within the load balancer service.","description_kind":"plain","required":true},"resolver_name":{"type":"string","description":"Domain Name Resolver used with dynamic type members.","description_kind":"plain","optional":true},"tls_configs":{"type":["list","string"],"description":"Set of TLS config names","description_kind":"plain","computed":true}},"block_types":{"properties":{"nesting_mode":"list","block":{"attributes":{"health_check_expected_status":{"type":"number","description":"Expected HTTP status code returned by the customer application to mark server as healthy. Ignored for tcp type.","description_kind":"plain","optional":true},"health_check_fall":{"type":"number","description":"Sets how many failed health checks are allowed until the backend member is taken off from the rotation.","description_kind":"plain","optional":true},"health_check_interval":{"type":"number","description":"Interval between health checks.","description_kind":"plain","optional":true},"health_check_rise":{"type":"number","description":"Sets how many passing checks there must be before returning the backend member to the rotation.","description_kind":"plain","optional":true},"health_check_tls_verify":{"type":"bool","description":"Enables certificate verification with the system CA certificate bundle. Works with https scheme in health_check_url, otherwise ignored.","description_kind":"plain","optional":true},"health_check_type":{"type":"string","description":"Health check type.","description_kind":"plain","optional":true},"health_check_url":{"type":"string","description":"Target path for health check HTTP GET requests. Ignored for tcp type.","description_kind":"plain","optional":true},"http2_enabled":{"type":"bool","description":"Allow HTTP/2 connections to backend members by utilizing ALPN extension of TLS protocol, therefore it can only be enabled when tls_enabled is set to true. Note: members should support HTTP/2 for this setting to work.","description_kind":"plain","optional":true},"outbound_proxy_protocol":{"type":"string","description":"Enable outbound proxy protocol by setting the desired version. Empty string disables proxy protocol.","description_kind":"plain","optional":true},"sticky_session_cookie_name":{"type":"string","description":"Sets sticky session cookie name. Empty string disables sticky session.","description_kind":"plain","optional":true},"timeout_server":{"type":"number","description":"Backend server timeout in seconds.","description_kind":"plain","optional":true},"timeout_tunnel":{"type":"number","description":"Maximum inactivity time on the client and server side for tunnels in seconds.","description_kind":"plain","optional":true},"tls_configs":{"type":["list","string"],"description":"Set of TLS config names","description_kind":"plain","computed":true},"tls_enabled":{"type":"bool","description":"Enables TLS connection from the load balancer to backend servers.","description_kind":"plain","optional":true},"tls_use_system_ca":{"type":"bool","description":"If enabled, then the system CA certificate bundle will be used for the certificate verification.","description_kind":"plain","optional":true},"tls_verify":{"type":"bool","description":"Enables backend servers certificate verification. Please make sure that TLS config with the certificate bundle of type authority attached to the backend or `tls_use_system_ca` enabled. Note: `tls_verify` has preference over `health_check_tls_verify` when `tls_enabled` in true.","description_kind":"plain","optional":true}},"description":"Backend properties. Properties can set back to defaults by defining empty `properties {}` block.","description_kind":"plain"},"max_items":1}},"description":"This resource represents load balancer backend service","description_kind":"plain"}},"upcloud_loadbalancer_backend_tls_config":{"version":0,"block":{"attributes":{"backend":{"type":"string","description":"ID of the load balancer backend to which the TLS config is connected.","description_kind":"markdown","required":true},"certificate_bundle":{"type":"string","description":"Reference to certificate bundle ID.","description_kind":"markdown","required":true},"id":{"type":"string","description":"ID of the TLS config. ID is in `{load balancer UUID}/{backend name}/{TLS config name}` format.","description_kind":"markdown","computed":true},"name":{"type":"string","description":"The name of the TLS config. Must be unique within customer account.","description_kind":"markdown","required":true}},"description":"This resource represents backend TLS config","description_kind":"markdown"}},"upcloud_loadbalancer_dynamic_backend_member":{"version":0,"block":{"attributes":{"backend":{"type":"string","description":"ID of the load balancer backend to which the member is connected.","description_kind":"plain","required":true},"enabled":{"type":"bool","description":"Indicates if the member is enabled. Disabled members are excluded from load balancing.","description_kind":"plain","optional":true},"id":{"type":"string","description_kind":"plain","optional":true,"computed":true},"ip":{"type":"string","description":"Optional fallback IP address in case of failure on DNS resolving.","description_kind":"plain","optional":true},"max_sessions":{"type":"number","description":"Maximum number of sessions before queueing.","description_kind":"plain","required":true},"name":{"type":"string","description":"The name of the member must be unique within the load balancer backend service.","description_kind":"plain","required":true},"port":{"type":"number","description":"Server port. Port is optional and can be specified in DNS SRV record.","description_kind":"plain","optional":true},"weight":{"type":"number","description":"Used to adjust the server's weight relative to other servers. \n\t\t\t\tAll servers will receive a load proportional to their weight relative to the sum of all weights, so the higher the weight, the higher the load. \n\t\t\t\tA value of 0 means the server will not participate in load balancing but will still accept persistent connections.","description_kind":"plain","required":true}},"description":"This resource represents load balancer's dynamic backend member","description_kind":"plain"}},"upcloud_loadbalancer_dynamic_certificate_bundle":{"version":0,"block":{"attributes":{"hostnames":{"type":["list","string"],"description":"Certificate hostnames.","description_kind":"markdown","required":true},"id":{"type":"string","description":"The UUID of the certificate bundle.","description_kind":"markdown","computed":true},"key_type":{"type":"string","description":"Private key type (`rsa` / `ecdsa`).","description_kind":"markdown","required":true},"name":{"type":"string","description":"The name of the certificate bundle. Must be unique within customer account.","description_kind":"markdown","required":true},"not_after":{"type":"string","description":"The time after which a certificate is no longer valid.","description_kind":"markdown","computed":true},"not_before":{"type":"string","description":"The time on which a certificate becomes valid.","description_kind":"markdown","computed":true},"operational_state":{"type":"string","description":"The service operational state indicates the service's current operational, effective state. Managed by the system.","description_kind":"markdown","computed":true}},"description":"This resource represents dynamic certificate bundle","description_kind":"markdown"}},"upcloud_loadbalancer_frontend":{"version":0,"block":{"attributes":{"default_backend_name":{"type":"string","description":"The name of the default backend where traffic will be routed. Note, default backend can be overwritten in frontend rules.","description_kind":"markdown","required":true},"id":{"type":"string","description":"ID of the frontend. ID is in `{load balancer UUID}/{frontend name}` format.","description_kind":"markdown","computed":true},"loadbalancer":{"type":"string","description":"UUID of the load balancer to which the frontend is connected.","description_kind":"markdown","required":true},"mode":{"type":"string","description":"When load balancer operating in `tcp` mode it acts as a layer 4 proxy. In `http` mode it acts as a layer 7 proxy.","description_kind":"markdown","required":true},"name":{"type":"string","description":"The name of the frontend. Must be unique within the load balancer service.","description_kind":"markdown","required":true},"port":{"type":"number","description":"Port to listen for incoming requests.","description_kind":"plain","required":true},"rules":{"type":["list","string"],"description":"Set of frontend rule names.","description_kind":"plain","computed":true},"tls_configs":{"type":["list","string"],"description":"Set of TLS config names.","description_kind":"plain","computed":true}},"block_types":{"networks":{"nesting_mode":"set","block":{"attributes":{"name":{"type":"string","description":"Name of the load balancer network.","description_kind":"plain","required":true}},"description":"Networks that frontend will be listening. Networks are required if load balancer has `networks` defined. This field will be required when deprecated field `network` is removed from load balancer resource.","description_kind":"markdown"}},"properties":{"nesting_mode":"list","block":{"attributes":{"http2_enabled":{"type":"bool","description":"Enable or disable HTTP/2 support.","description_kind":"plain","optional":true,"computed":true},"inbound_proxy_protocol":{"type":"bool","description":"Enable or disable inbound proxy protocol support.","description_kind":"plain","optional":true,"computed":true},"timeout_client":{"type":"number","description":"Client request timeout in seconds.","description_kind":"plain","optional":true,"computed":true}},"description":"Frontend properties. Properties can set back to defaults by defining empty `properties {}` block.","description_kind":"markdown"}}},"description":"This resource represents load balancer frontend service.","description_kind":"plain"}},"upcloud_loadbalancer_frontend_rule":{"version":0,"block":{"attributes":{"frontend":{"type":"string","description":"ID of the load balancer frontend to which the rule is connected.","description_kind":"plain","required":true},"id":{"type":"string","description_kind":"plain","optional":true,"computed":true},"name":{"type":"string","description":"The name of the frontend rule must be unique within the load balancer service.","description_kind":"plain","required":true},"priority":{"type":"number","description":"Rule with the higher priority goes first. Rules with the same priority processed in alphabetical order.","description_kind":"plain","required":true}},"block_types":{"actions":{"nesting_mode":"list","block":{"block_types":{"http_redirect":{"nesting_mode":"list","block":{"attributes":{"location":{"type":"string","description":"Target location.","description_kind":"plain","optional":true},"scheme":{"type":"string","description":"Target scheme.","description_kind":"plain","optional":true}},"description":"Redirects HTTP requests to specified location or URL scheme. Only either location or scheme can be defined at a time.","description_kind":"plain"},"max_items":100},"http_return":{"nesting_mode":"list","block":{"attributes":{"content_type":{"type":"string","description":"Content type.","description_kind":"plain","required":true},"payload":{"type":"string","description":"The payload.","description_kind":"plain","required":true},"status":{"type":"number","description":"HTTP status code.","description_kind":"plain","required":true}},"description":"Returns HTTP response with specified HTTP status.","description_kind":"plain"},"max_items":100},"set_forwarded_headers":{"nesting_mode":"list","block":{"attributes":{"active":{"type":"bool","description_kind":"plain","optional":true}},"description":"Adds 'X-Forwarded-For / -Proto / -Port' headers in your forwarded requests","description_kind":"plain"},"max_items":100},"tcp_reject":{"nesting_mode":"list","block":{"attributes":{"active":{"type":"bool","description_kind":"plain","optional":true}},"description":"Terminates a connection.","description_kind":"plain"},"max_items":100},"use_backend":{"nesting_mode":"list","block":{"attributes":{"backend_name":{"type":"string","description":"The name of the backend where traffic will be routed.","description_kind":"plain","required":true}},"description":"Routes traffic to specified `backend`.","description_kind":"plain"},"max_items":100}},"description":"Set of rule actions.","description_kind":"plain"},"max_items":1},"matchers":{"nesting_mode":"list","block":{"block_types":{"body_size":{"nesting_mode":"list","block":{"attributes":{"inverse":{"type":"bool","description":"Sets if the condition should be inverted. Works similar to logical NOT operator.","description_kind":"plain","optional":true},"method":{"type":"string","description":"Match method (`equal`, `greater`, `greater_or_equal`, `less`, `less_or_equal`).","description_kind":"plain","required":true},"value":{"type":"number","description":"Integer value.","description_kind":"plain","required":true}},"description":"Matches by HTTP request body size.","description_kind":"plain"},"max_items":100},"body_size_range":{"nesting_mode":"list","block":{"attributes":{"inverse":{"type":"bool","description":"Sets if the condition should be inverted. Works similar to logical NOT operator.","description_kind":"plain","optional":true},"range_end":{"type":"number","description":"Integer value.","description_kind":"plain","required":true},"range_start":{"type":"number","description":"Integer value.","description_kind":"plain","required":true}},"description":"Matches by range of HTTP request body sizes","description_kind":"plain"},"max_items":100},"cookie":{"nesting_mode":"list","block":{"attributes":{"ignore_case":{"type":"bool","description":"Ignore case, default `false`.","description_kind":"plain","optional":true},"inverse":{"type":"bool","description":"Sets if the condition should be inverted. Works similar to logical NOT operator.","description_kind":"plain","optional":true},"method":{"type":"string","description":"Match method (`exact`, `substring`, `regexp`, `starts`, `ends`, `domain`, `ip`, `exists`). Matcher with `exists` and `ip` methods must be used without `value` and `ignore_case` fields.","description_kind":"plain","required":true},"name":{"type":"string","description":"Name of the argument.","description_kind":"plain","required":true},"value":{"type":"string","description":"String value.","description_kind":"plain","optional":true}},"description":"Matches by HTTP cookie value. Cookie name must be provided.","description_kind":"plain"},"max_items":100},"header":{"nesting_mode":"list","block":{"attributes":{"ignore_case":{"type":"bool","description":"Ignore case, default `false`.","description_kind":"plain","optional":true},"inverse":{"type":"bool","description":"Sets if the condition should be inverted. Works similar to logical NOT operator.","description_kind":"plain","optional":true},"method":{"type":"string","description":"Match method (`exact`, `substring`, `regexp`, `starts`, `ends`, `domain`, `ip`, `exists`). Matcher with `exists` and `ip` methods must be used without `value` and `ignore_case` fields.","description_kind":"plain","required":true},"name":{"type":"string","description":"Name of the argument.","description_kind":"plain","required":true},"value":{"type":"string","description":"String value.","description_kind":"plain","optional":true}},"description":"Matches by HTTP header value. Header name must be provided.","description_kind":"plain"},"max_items":100},"host":{"nesting_mode":"list","block":{"attributes":{"inverse":{"type":"bool","description":"Sets if the condition should be inverted. Works similar to logical NOT operator.","description_kind":"plain","optional":true},"value":{"type":"string","description":"String value.","description_kind":"plain","required":true}},"description":"Matches by hostname. Header extracted from HTTP Headers or from TLS certificate in case of secured connection.","description_kind":"plain"},"max_items":100},"http_method":{"nesting_mode":"list","block":{"attributes":{"inverse":{"type":"bool","description":"Sets if the condition should be inverted. Works similar to logical NOT operator.","description_kind":"plain","optional":true},"value":{"type":"string","description":"String value (`GET`, `HEAD`, `POST`, `PUT`, `PATCH`, `DELETE`, `CONNECT`, `OPTIONS`, `TRACE`).","description_kind":"plain","required":true}},"description":"Matches by HTTP method.","description_kind":"plain"},"max_items":100},"num_members_up":{"nesting_mode":"list","block":{"attributes":{"backend_name":{"type":"string","description":"The name of the `backend` which members will be monitored.","description_kind":"plain","required":true},"inverse":{"type":"bool","description":"Sets if the condition should be inverted. Works similar to logical NOT operator.","description_kind":"plain","optional":true},"method":{"type":"string","description":"Match method (`equal`, `greater`, `greater_or_equal`, `less`, `less_or_equal`).","description_kind":"plain","required":true},"value":{"type":"number","description":"Integer value.","description_kind":"plain","required":true}},"description":"Matches by number of healthy backend members.","description_kind":"plain"},"max_items":100},"path":{"nesting_mode":"list","block":{"attributes":{"ignore_case":{"type":"bool","description":"Ignore case, default `false`.","description_kind":"plain","optional":true},"inverse":{"type":"bool","description":"Sets if the condition should be inverted. Works similar to logical NOT operator.","description_kind":"plain","optional":true},"method":{"type":"string","description":"Match method (`exact`, `substring`, `regexp`, `starts`, `ends`, `domain`, `ip`, `exists`). Matcher with `exists` and `ip` methods must be used without `value` and `ignore_case` fields.","description_kind":"plain","required":true},"value":{"type":"string","description":"String value.","description_kind":"plain","optional":true}},"description":"Matches by URL path.","description_kind":"plain"},"max_items":100},"src_ip":{"nesting_mode":"list","block":{"attributes":{"inverse":{"type":"bool","description":"Sets if the condition should be inverted. Works similar to logical NOT operator.","description_kind":"plain","optional":true},"value":{"type":"string","description":"IP address. CIDR masks are supported, e.g. `192.168.0.0/24`.","description_kind":"plain","required":true}},"description":"Matches by source IP address.","description_kind":"plain"},"max_items":100},"src_port":{"nesting_mode":"list","block":{"attributes":{"inverse":{"type":"bool","description":"Sets if the condition should be inverted. Works similar to logical NOT operator.","description_kind":"plain","optional":true},"method":{"type":"string","description":"Match method (`equal`, `greater`, `greater_or_equal`, `less`, `less_or_equal`).","description_kind":"plain","required":true},"value":{"type":"number","description":"Integer value.","description_kind":"plain","required":true}},"description":"Matches by source port number.","description_kind":"plain"},"max_items":100},"src_port_range":{"nesting_mode":"list","block":{"attributes":{"inverse":{"type":"bool","description":"Sets if the condition should be inverted. Works similar to logical NOT operator.","description_kind":"plain","optional":true},"range_end":{"type":"number","description":"Integer value.","description_kind":"plain","required":true},"range_start":{"type":"number","description":"Integer value.","description_kind":"plain","required":true}},"description":"Matches by range of source port numbers","description_kind":"plain"},"max_items":100},"url":{"nesting_mode":"list","block":{"attributes":{"ignore_case":{"type":"bool","description":"Ignore case, default `false`.","description_kind":"plain","optional":true},"inverse":{"type":"bool","description":"Sets if the condition should be inverted. Works similar to logical NOT operator.","description_kind":"plain","optional":true},"method":{"type":"string","description":"Match method (`exact`, `substring`, `regexp`, `starts`, `ends`, `domain`, `ip`, `exists`). Matcher with `exists` and `ip` methods must be used without `value` and `ignore_case` fields.","description_kind":"plain","required":true},"value":{"type":"string","description":"String value.","description_kind":"plain","optional":true}},"description":"Matches by URL without schema, e.g. `example.com/dashboard`.","description_kind":"plain"},"max_items":100},"url_param":{"nesting_mode":"list","block":{"attributes":{"ignore_case":{"type":"bool","description":"Ignore case, default `false`.","description_kind":"plain","optional":true},"inverse":{"type":"bool","description":"Sets if the condition should be inverted. Works similar to logical NOT operator.","description_kind":"plain","optional":true},"method":{"type":"string","description":"Match method (`exact`, `substring`, `regexp`, `starts`, `ends`, `domain`, `ip`, `exists`). Matcher with `exists` and `ip` methods must be used without `value` and `ignore_case` fields.","description_kind":"plain","required":true},"name":{"type":"string","description":"Name of the argument.","description_kind":"plain","required":true},"value":{"type":"string","description":"String value.","description_kind":"plain","optional":true}},"description":"Matches by URL query parameter value. Query parameter name must be provided","description_kind":"plain"},"max_items":100},"url_query":{"nesting_mode":"list","block":{"attributes":{"ignore_case":{"type":"bool","description":"Ignore case, default `false`.","description_kind":"plain","optional":true},"inverse":{"type":"bool","description":"Sets if the condition should be inverted. Works similar to logical NOT operator.","description_kind":"plain","optional":true},"method":{"type":"string","description":"Match method (`exact`, `substring`, `regexp`, `starts`, `ends`, `domain`, `ip`, `exists`). Matcher with `exists` and `ip` methods must be used without `value` and `ignore_case` fields.","description_kind":"plain","required":true},"value":{"type":"string","description":"String value.","description_kind":"plain","optional":true}},"description":"Matches by URL query string.","description_kind":"plain"},"max_items":100}},"description":"Set of rule matchers. if rule doesn't have matchers, then action applies to all incoming requests.","description_kind":"plain"},"max_items":1}},"description":"This resource represents load balancer frontend rule","description_kind":"plain"}},"upcloud_loadbalancer_frontend_tls_config":{"version":0,"block":{"attributes":{"certificate_bundle":{"type":"string","description":"Reference to certificate bundle ID.","description_kind":"markdown","required":true},"frontend":{"type":"string","description":"ID of the load balancer frontend to which the TLS config is connected.","description_kind":"markdown","required":true},"id":{"type":"string","description":"ID of the TLS config. ID is in `{load balancer UUID}/{frontend name}/{TLS config name}` format.","description_kind":"markdown","computed":true},"name":{"type":"string","description":"The name of the TLS config. Must be unique within customer account.","description_kind":"markdown","required":true}},"description":"This resource represents frontend TLS config","description_kind":"markdown"}},"upcloud_loadbalancer_manual_certificate_bundle":{"version":0,"block":{"attributes":{"certificate":{"type":"string","description":"Certificate as base64 encoded string. Must be in PEM format.","description_kind":"markdown","required":true},"id":{"type":"string","description":"The UUID of the certificate bundle.","description_kind":"markdown","computed":true},"intermediates":{"type":"string","description":"Intermediate certificates as base64 encoded string. Must be in PEM format.","description_kind":"markdown","optional":true,"computed":true},"name":{"type":"string","description":"The name of the certificate bundle. Must be unique within customer account.","description_kind":"markdown","required":true},"not_after":{"type":"string","description":"The time after which a certificate is no longer valid.","description_kind":"markdown","computed":true},"not_before":{"type":"string","description":"The time on which a certificate becomes valid.","description_kind":"markdown","computed":true},"operational_state":{"type":"string","description":"The service operational state indicates the service's current operational, effective state. Managed by the system.","description_kind":"markdown","computed":true},"private_key":{"type":"string","description":"Private key as base64 encoded string. Must be in PEM format.","description_kind":"markdown","required":true,"sensitive":true}},"description":"This resource represents manual certificate bundle","description_kind":"markdown"}},"upcloud_loadbalancer_resolver":{"version":0,"block":{"attributes":{"cache_invalid":{"type":"number","description":"Time in seconds to cache invalid results.","description_kind":"plain","required":true},"cache_valid":{"type":"number","description":"Time in seconds to cache valid results.","description_kind":"plain","required":true},"id":{"type":"string","description_kind":"plain","optional":true,"computed":true},"loadbalancer":{"type":"string","description":"ID of the load balancer to which the resolver is connected.","description_kind":"plain","required":true},"name":{"type":"string","description":"The name of the resolver must be unique within the service.","description_kind":"plain","required":true},"nameservers":{"type":["list","string"],"description":"List of nameserver IP addresses. Nameserver can reside in public internet or in customer private network. \n\t\t\t\tPort is optional, if missing then default 53 will be used.","description_kind":"plain","required":true},"retries":{"type":"number","description":"Number of retries on failure.","description_kind":"plain","required":true},"timeout":{"type":"number","description":"Timeout for the query in seconds.","description_kind":"plain","required":true},"timeout_retry":{"type":"number","description":"Timeout for the query retries in seconds.","description_kind":"plain","required":true}},"description":"This resource represents service's domain name resolver","description_kind":"plain"}},"upcloud_loadbalancer_static_backend_member":{"version":0,"block":{"attributes":{"backend":{"type":"string","description":"ID of the load balancer backend to which the member is connected.","description_kind":"plain","required":true},"enabled":{"type":"bool","description":"Indicates if the member is enabled. Disabled members are excluded from load balancing.","description_kind":"plain","optional":true},"id":{"type":"string","description_kind":"plain","optional":true,"computed":true},"ip":{"type":"string","description":"Server IP address in the customer private network.","description_kind":"plain","required":true},"max_sessions":{"type":"number","description":"Maximum number of sessions before queueing.","description_kind":"plain","required":true},"name":{"type":"string","description":"The name of the member must be unique within the load balancer backend service.","description_kind":"plain","required":true},"port":{"type":"number","description":"Server port.","description_kind":"plain","required":true},"weight":{"type":"number","description":"Used to adjust the server's weight relative to other servers. \n\t\t\t\tAll servers will receive a load proportional to their weight relative to the sum of all weights, so the higher the weight, the higher the load. \n\t\t\t\tA value of 0 means the server will not participate in load balancing but will still accept persistent connections.","description_kind":"plain","required":true}},"description":"This resource represents load balancer's static backend member","description_kind":"plain"}},"upcloud_managed_database_logical_database":{"version":0,"block":{"attributes":{"character_set":{"type":"string","description":"Default character set for the database (LC_CTYPE)","description_kind":"plain","optional":true,"computed":true},"collation":{"type":"string","description":"Default collation for the database (LC_COLLATE)","description_kind":"plain","optional":true,"computed":true},"id":{"type":"string","description_kind":"plain","optional":true,"computed":true},"name":{"type":"string","description":"Name of the logical database","description_kind":"plain","required":true},"service":{"type":"string","description":"Service's UUID for which this user belongs to","description_kind":"plain","required":true}},"description":"This resource represents a logical database in managed database","description_kind":"plain"}},"upcloud_managed_database_mysql":{"version":0,"block":{"attributes":{"components":{"type":["list",["object",{"component":"string","host":"string","port":"number","route":"string","usage":"string"}]],"description":"Service component information","description_kind":"plain","computed":true},"id":{"type":"string","description_kind":"plain","optional":true,"computed":true},"labels":{"type":["map","string"],"description":"User defined key-value pairs to classify the managed database.","description_kind":"plain","optional":true},"maintenance_window_dow":{"type":"string","description":"Maintenance window day of week. Lower case weekday name (monday, tuesday, ...)","description_kind":"plain","optional":true,"computed":true},"maintenance_window_time":{"type":"string","description":"Maintenance window UTC time in hh:mm:ss format","description_kind":"plain","optional":true,"computed":true},"name":{"type":"string","description":"Name of the service. The name is used as a prefix for the logical hostname. Must be unique within an account","description_kind":"plain","required":true},"node_states":{"type":["list",["object",{"name":"string","role":"string","state":"string"}]],"description":"Information about nodes providing the managed service","description_kind":"plain","computed":true},"plan":{"type":"string","description":"Service plan to use. This determines how much resources the instance will have. You can list available plans with `upctl database plans \u003ctype\u003e`.","description_kind":"plain","required":true},"powered":{"type":"bool","description":"The administrative power state of the service","description_kind":"plain","optional":true},"primary_database":{"type":"string","description":"Primary database name","description_kind":"plain","computed":true},"service_host":{"type":"string","description":"Hostname to the service instance","description_kind":"plain","computed":true},"service_password":{"type":"string","description":"Primary username's password to the service instance","description_kind":"plain","computed":true,"sensitive":true},"service_port":{"type":"string","description":"Port to the service instance","description_kind":"plain","computed":true},"service_uri":{"type":"string","description":"URI to the service instance","description_kind":"plain","computed":true,"sensitive":true},"service_username":{"type":"string","description":"Primary username to the service instance","description_kind":"plain","computed":true},"state":{"type":"string","description":"State of the service","description_kind":"plain","computed":true},"title":{"type":"string","description":"Title of a managed database instance","description_kind":"plain","required":true},"type":{"type":"string","description":"Type of the service","description_kind":"plain","computed":true},"zone":{"type":"string","description":"Zone where the instance resides, e.g. `de-fra1`. You can list available zones with `upctl zone list`.","description_kind":"plain","required":true}},"block_types":{"network":{"nesting_mode":"set","block":{"attributes":{"family":{"type":"string","description":"Network family. Currently only `IPv4` is supported.","description_kind":"plain","required":true},"name":{"type":"string","description":"The name of the network. Must be unique within the service.","description_kind":"plain","required":true},"type":{"type":"string","description":"The type of the network. Must be private.","description_kind":"plain","required":true},"uuid":{"type":"string","description":"Private network UUID. Must reside in the same zone as the database.","description_kind":"plain","required":true}},"description":"Private networks attached to the managed database","description_kind":"plain"},"max_items":8},"properties":{"nesting_mode":"list","block":{"attributes":{"admin_password":{"type":"string","description":"Custom password for admin user. Defaults to random string. This must be set only when a new service is being created.","description_kind":"plain","optional":true,"computed":true,"sensitive":true},"admin_username":{"type":"string","description":"Custom username for admin user. This must be set only when a new service is being created.","description_kind":"plain","optional":true,"computed":true},"automatic_utility_network_ip_filter":{"type":"bool","description":"Automatic utility network IP Filter. Automatically allow connections from servers in the utility network within the same zone.","description_kind":"plain","optional":true},"backup_hour":{"type":"number","description":"The hour of day (in UTC) when backup for the service is started. New backup is only started if previous backup has already completed.","description_kind":"plain","optional":true,"computed":true},"backup_minute":{"type":"number","description":"The minute of an hour when backup for the service is started. New backup is only started if previous backup has already completed.","description_kind":"plain","optional":true,"computed":true},"binlog_retention_period":{"type":"number","description":"The minimum amount of time in seconds to keep binlog entries before deletion. This may be extended for services that require binlog entries for longer than the default for example if using the MySQL Debezium Kafka connector.","description_kind":"plain","optional":true,"computed":true},"connect_timeout":{"type":"number","description":"The number of seconds that the mysqld server waits for a connect packet before responding with Bad handshake.","description_kind":"plain","optional":true,"computed":true},"default_time_zone":{"type":"string","description":"Default server time zone as an offset from UTC (from -12:00 to +12:00), a time zone name, or 'SYSTEM' to use the MySQL server default.","description_kind":"plain","optional":true,"computed":true},"group_concat_max_len":{"type":"number","description":"The maximum permitted result length in bytes for the GROUP_CONCAT() function.","description_kind":"plain","optional":true,"computed":true},"information_schema_stats_expiry":{"type":"number","description":"The time, in seconds, before cached statistics expire.","description_kind":"plain","optional":true,"computed":true},"innodb_change_buffer_max_size":{"type":"number","description":"Maximum size for the InnoDB change buffer, as a percentage of the total size of the buffer pool. Default is 25.","description_kind":"plain","optional":true,"computed":true},"innodb_flush_neighbors":{"type":"number","description":"Specifies whether flushing a page from the InnoDB buffer pool also flushes other dirty pages in the same extent (default is 1): 0 - dirty pages in the same extent are not flushed, 1 - flush contiguous dirty pages in the same extent, 2 - flush dirty pages in the same extent.","description_kind":"plain","optional":true,"computed":true},"innodb_ft_min_token_size":{"type":"number","description":"Minimum length of words that are stored in an InnoDB FULLTEXT index. Changing this parameter will lead to a restart of the MySQL service.","description_kind":"plain","optional":true,"computed":true},"innodb_ft_server_stopword_table":{"type":"string","description":"This option is used to specify your own InnoDB FULLTEXT index stopword list for all InnoDB tables.","description_kind":"plain","optional":true,"computed":true},"innodb_lock_wait_timeout":{"type":"number","description":"The length of time in seconds an InnoDB transaction waits for a row lock before giving up. Default is 120.","description_kind":"plain","optional":true,"computed":true},"innodb_log_buffer_size":{"type":"number","description":"The size in bytes of the buffer that InnoDB uses to write to the log files on disk.","description_kind":"plain","optional":true,"computed":true},"innodb_online_alter_log_max_size":{"type":"number","description":"The upper limit in bytes on the size of the temporary log files used during online DDL operations for InnoDB tables.","description_kind":"plain","optional":true,"computed":true},"innodb_print_all_deadlocks":{"type":"bool","description":"When enabled, information about all deadlocks in InnoDB user transactions is recorded in the error log. Disabled by default.","description_kind":"plain","optional":true,"computed":true},"innodb_read_io_threads":{"type":"number","description":"The number of I/O threads for read operations in InnoDB. Default is 4. Changing this parameter will lead to a restart of the MySQL service.","description_kind":"plain","optional":true,"computed":true},"innodb_rollback_on_timeout":{"type":"bool","description":"When enabled a transaction timeout causes InnoDB to abort and roll back the entire transaction. Changing this parameter will lead to a restart of the MySQL service.","description_kind":"plain","optional":true,"computed":true},"innodb_thread_concurrency":{"type":"number","description":"Defines the maximum number of threads permitted inside of InnoDB. Default is 0 (infinite concurrency - no limit).","description_kind":"plain","optional":true,"computed":true},"innodb_write_io_threads":{"type":"number","description":"The number of I/O threads for write operations in InnoDB. Default is 4. Changing this parameter will lead to a restart of the MySQL service.","description_kind":"plain","optional":true,"computed":true},"interactive_timeout":{"type":"number","description":"The number of seconds the server waits for activity on an interactive connection before closing it.","description_kind":"plain","optional":true,"computed":true},"internal_tmp_mem_storage_engine":{"type":"string","description":"The storage engine for in-memory internal temporary tables.","description_kind":"plain","optional":true,"computed":true},"ip_filter":{"type":["list","string"],"description":"IP filter. Allow incoming connections from CIDR address block, e.g. '10.20.0.0/16'.","description_kind":"plain","optional":true,"computed":true},"long_query_time":{"type":"number","description":"The slow_query_logs work as SQL statements that take more than long_query_time seconds to execute. Default is 10s.","description_kind":"plain","optional":true,"computed":true},"max_allowed_packet":{"type":"number","description":"Size of the largest message in bytes that can be received by the server. Default is 67108864 (64M).","description_kind":"plain","optional":true,"computed":true},"max_heap_table_size":{"type":"number","description":"Limits the size of internal in-memory tables. Also set tmp_table_size. Default is 16777216 (16M).","description_kind":"plain","optional":true,"computed":true},"net_buffer_length":{"type":"number","description":"Start sizes of connection buffer and result buffer. Default is 16384 (16K). Changing this parameter will lead to a restart of the MySQL service.","description_kind":"plain","optional":true,"computed":true},"net_read_timeout":{"type":"number","description":"The number of seconds to wait for more data from a connection before aborting the read.","description_kind":"plain","optional":true,"computed":true},"net_write_timeout":{"type":"number","description":"The number of seconds to wait for a block to be written to a connection before aborting the write.","description_kind":"plain","optional":true,"computed":true},"public_access":{"type":"bool","description":"Public Access. Allow access to the service from the public Internet.","description_kind":"plain","optional":true},"service_log":{"type":"bool","description":"Service logging. Store logs for the service so that they are available in the HTTP API and console.","description_kind":"plain","optional":true,"computed":true},"slow_query_log":{"type":"bool","description":"Slow query log enables capturing of slow queries. Setting slow_query_log to false also truncates the mysql.slow_log table. Default is off.","description_kind":"plain","optional":true,"computed":true},"sort_buffer_size":{"type":"number","description":"Sort buffer size in bytes for ORDER BY optimization. Default is 262144 (256K).","description_kind":"plain","optional":true,"computed":true},"sql_mode":{"type":"string","description":"Global SQL mode. Set to empty to use MySQL server defaults. When creating a new service and not setting this field Aiven default SQL mode (strict, SQL standard compliant) will be assigned.","description_kind":"plain","optional":true},"sql_require_primary_key":{"type":"bool","description":"Require primary key to be defined for new tables or old tables modified with ALTER TABLE and fail if missing. It is recommended to always have primary keys because various functionality may break if any large table is missing them.","description_kind":"plain","optional":true,"computed":true},"tmp_table_size":{"type":"number","description":"Limits the size of internal in-memory tables. Also set max_heap_table_size. Default is 16777216 (16M).","description_kind":"plain","optional":true,"computed":true},"version":{"type":"string","description":"MySQL major version.","description_kind":"plain","optional":true,"computed":true},"wait_timeout":{"type":"number","description":"The number of seconds the server waits for activity on a noninteractive connection before closing it.","description_kind":"plain","optional":true,"computed":true}},"block_types":{"migration":{"nesting_mode":"list","block":{"attributes":{"dbname":{"type":"string","description":"Database name for bootstrapping the initial connection.","description_kind":"plain","optional":true,"computed":true},"host":{"type":"string","description":"Hostname or IP address of the server where to migrate data from.","description_kind":"plain","optional":true,"computed":true},"ignore_dbs":{"type":"string","description":"Comma-separated list of databases, which should be ignored during migration (supported by MySQL and PostgreSQL only at the moment).","description_kind":"plain","optional":true,"computed":true},"ignore_roles":{"type":"string","description":"Comma-separated list of database roles, which should be ignored during migration (supported by PostgreSQL only at the moment).","description_kind":"plain","optional":true,"computed":true},"method":{"type":"string","description":"The migration method to be used (currently supported only by Redis, Dragonfly, MySQL and PostgreSQL service types).","description_kind":"plain","optional":true,"computed":true},"password":{"type":"string","description":"Password for authentication with the server where to migrate data from.","description_kind":"plain","optional":true,"computed":true,"sensitive":true},"port":{"type":"number","description":"Port number of the server where to migrate data from.","description_kind":"plain","optional":true,"computed":true},"ssl":{"type":"bool","description":"The server where to migrate data from is secured with SSL.","description_kind":"plain","optional":true,"computed":true},"username":{"type":"string","description":"User name for authentication with the server where to migrate data from.","description_kind":"plain","optional":true,"computed":true}},"description":"Migrate data from existing server.","description_kind":"plain"},"max_items":1}},"description":"Database Engine properties for MySQL","description_kind":"plain"},"max_items":1}},"description":"This resource represents MySQL managed database. See UpCloud [Managed Databases](https://upcloud.com/products/managed-databases) product page for more details about the service.","description_kind":"plain"}},"upcloud_managed_database_opensearch":{"version":0,"block":{"attributes":{"access_control":{"type":"bool","description":"Enables users access control for OpenSearch service. User access control rules will only be enforced if this attribute is enabled.","description_kind":"plain","optional":true,"computed":true},"components":{"type":["list",["object",{"component":"string","host":"string","port":"number","route":"string","usage":"string"}]],"description":"Service component information","description_kind":"plain","computed":true},"extended_access_control":{"type":"bool","description":"Grant access to top-level `_mget`, `_msearch` and `_bulk` APIs. Users are limited to perform operations on indices based on the user-specific access control rules.","description_kind":"plain","optional":true,"computed":true},"id":{"type":"string","description_kind":"plain","optional":true,"computed":true},"labels":{"type":["map","string"],"description":"User defined key-value pairs to classify the managed database.","description_kind":"plain","optional":true},"maintenance_window_dow":{"type":"string","description":"Maintenance window day of week. Lower case weekday name (monday, tuesday, ...)","description_kind":"plain","optional":true,"computed":true},"maintenance_window_time":{"type":"string","description":"Maintenance window UTC time in hh:mm:ss format","description_kind":"plain","optional":true,"computed":true},"name":{"type":"string","description":"Name of the service. The name is used as a prefix for the logical hostname. Must be unique within an account","description_kind":"plain","required":true},"node_states":{"type":["list",["object",{"name":"string","role":"string","state":"string"}]],"description":"Information about nodes providing the managed service","description_kind":"plain","computed":true},"plan":{"type":"string","description":"Service plan to use. This determines how much resources the instance will have. You can list available plans with `upctl database plans \u003ctype\u003e`.","description_kind":"plain","required":true},"powered":{"type":"bool","description":"The administrative power state of the service","description_kind":"plain","optional":true},"primary_database":{"type":"string","description":"Primary database name","description_kind":"plain","computed":true},"service_host":{"type":"string","description":"Hostname to the service instance","description_kind":"plain","computed":true},"service_password":{"type":"string","description":"Primary username's password to the service instance","description_kind":"plain","computed":true,"sensitive":true},"service_port":{"type":"string","description":"Port to the service instance","description_kind":"plain","computed":true},"service_uri":{"type":"string","description":"URI to the service instance","description_kind":"plain","computed":true,"sensitive":true},"service_username":{"type":"string","description":"Primary username to the service instance","description_kind":"plain","computed":true},"state":{"type":"string","description":"State of the service","description_kind":"plain","computed":true},"title":{"type":"string","description":"Title of a managed database instance","description_kind":"plain","required":true},"type":{"type":"string","description":"Type of the service","description_kind":"plain","computed":true},"zone":{"type":"string","description":"Zone where the instance resides, e.g. `de-fra1`. You can list available zones with `upctl zone list`.","description_kind":"plain","required":true}},"block_types":{"network":{"nesting_mode":"set","block":{"attributes":{"family":{"type":"string","description":"Network family. Currently only `IPv4` is supported.","description_kind":"plain","required":true},"name":{"type":"string","description":"The name of the network. Must be unique within the service.","description_kind":"plain","required":true},"type":{"type":"string","description":"The type of the network. Must be private.","description_kind":"plain","required":true},"uuid":{"type":"string","description":"Private network UUID. Must reside in the same zone as the database.","description_kind":"plain","required":true}},"description":"Private networks attached to the managed database","description_kind":"plain"},"max_items":8},"properties":{"nesting_mode":"list","block":{"attributes":{"action_auto_create_index_enabled":{"type":"bool","description":"action.auto_create_index. Explicitly allow or block automatic creation of indices. Defaults to true.","description_kind":"plain","optional":true,"computed":true},"action_destructive_requires_name":{"type":"bool","description":"Require explicit index names when deleting.","description_kind":"plain","optional":true,"computed":true},"automatic_utility_network_ip_filter":{"type":"bool","description":"Automatic utility network IP Filter. Automatically allow connections from servers in the utility network within the same zone.","description_kind":"plain","optional":true},"cluster_max_shards_per_node":{"type":"number","description":"Controls the number of shards allowed in the cluster per data node.","description_kind":"plain","optional":true,"computed":true},"cluster_routing_allocation_node_concurrent_recoveries":{"type":"number","description":"Concurrent incoming/outgoing shard recoveries per node. How many concurrent incoming/outgoing shard recoveries (normally replicas) are allowed to happen on a node. Defaults to 2.","description_kind":"plain","optional":true,"computed":true},"custom_domain":{"type":"string","description":"Custom domain. Serve the web frontend using a custom CNAME pointing to the Aiven DNS name.","description_kind":"plain","optional":true,"computed":true},"email_sender_name":{"type":"string","description":"Sender name placeholder to be used in Opensearch Dashboards and Opensearch keystore. This should be identical to the Sender name defined in Opensearch dashboards.","description_kind":"plain","optional":true,"computed":true},"email_sender_password":{"type":"string","description":"Sender password for Opensearch alerts to authenticate with SMTP server. Sender password for Opensearch alerts to authenticate with SMTP server.","description_kind":"plain","optional":true,"computed":true,"sensitive":true},"email_sender_username":{"type":"string","description":"Sender username for Opensearch alerts.","description_kind":"plain","optional":true,"computed":true},"enable_security_audit":{"type":"bool","description":"Enable/Disable security audit.","description_kind":"plain","optional":true,"computed":true},"http_max_content_length":{"type":"number","description":"Maximum content length for HTTP requests to the OpenSearch HTTP API, in bytes.","description_kind":"plain","optional":true,"computed":true},"http_max_header_size":{"type":"number","description":"The max size of allowed headers, in bytes.","description_kind":"plain","optional":true,"computed":true},"http_max_initial_line_length":{"type":"number","description":"The max length of an HTTP URL, in bytes.","description_kind":"plain","optional":true,"computed":true},"index_patterns":{"type":["list","string"],"description":"Index patterns.","description_kind":"plain","optional":true,"computed":true},"indices_fielddata_cache_size":{"type":"number","description":"Relative amount. Maximum amount of heap memory used for field data cache. This is an expert setting; decreasing the value too much will increase overhead of loading field data; too much memory used for field data cache will decrease amount of heap available for other operations.","description_kind":"plain","optional":true,"computed":true},"indices_memory_index_buffer_size":{"type":"number","description":"Percentage value. Default is 10%. Total amount of heap used for indexing buffer, before writing segments to disk. This is an expert setting. Too low value will slow down indexing; too high value will increase indexing performance but causes performance issues for query performance.","description_kind":"plain","optional":true,"computed":true},"indices_memory_max_index_buffer_size":{"type":"number","description":"Absolute value. Default is unbound. Doesn't work without indices.memory.index_buffer_size. Maximum amount of heap used for query cache, an absolute indices.memory.index_buffer_size maximum hard limit.","description_kind":"plain","optional":true,"computed":true},"indices_memory_min_index_buffer_size":{"type":"number","description":"Absolute value. Default is 48mb. Doesn't work without indices.memory.index_buffer_size. Minimum amount of heap used for query cache, an absolute indices.memory.index_buffer_size minimal hard limit.","description_kind":"plain","optional":true,"computed":true},"indices_queries_cache_size":{"type":"number","description":"Percentage value. Default is 10%. Maximum amount of heap used for query cache. This is an expert setting. Too low value will decrease query performance and increase performance for other operations; too high value will cause issues with other OpenSearch functionality.","description_kind":"plain","optional":true,"computed":true},"indices_query_bool_max_clause_count":{"type":"number","description":"Maximum number of clauses Lucene BooleanQuery can have. The default value (1024) is relatively high, and increasing it may cause performance issues. Investigate other approaches first before increasing this value.","description_kind":"plain","optional":true,"computed":true},"indices_recovery_max_bytes_per_sec":{"type":"number","description":"Limits total inbound and outbound recovery traffic for each node. Applies to both peer recoveries as well as snapshot recoveries (i.e., restores from a snapshot). Defaults to 40mb.","description_kind":"plain","optional":true,"computed":true},"indices_recovery_max_concurrent_file_chunks":{"type":"number","description":"Number of file chunks sent in parallel for each recovery. Defaults to 2.","description_kind":"plain","optional":true,"computed":true},"ip_filter":{"type":["list","string"],"description":"IP filter. Allow incoming connections from CIDR address block, e.g. '10.20.0.0/16'.","description_kind":"plain","optional":true,"computed":true},"ism_enabled":{"type":"bool","description":"Specifies whether ISM is enabled or not.","description_kind":"plain","optional":true,"computed":true},"ism_history_enabled":{"type":"bool","description":"Specifies whether audit history is enabled or not. The logs from ISM are automatically indexed to a logs document.","description_kind":"plain","optional":true,"computed":true},"ism_history_max_age":{"type":"number","description":"The maximum age before rolling over the audit history index in hours.","description_kind":"plain","optional":true,"computed":true},"ism_history_max_docs":{"type":"number","description":"The maximum number of documents before rolling over the audit history index.","description_kind":"plain","optional":true,"computed":true},"ism_history_rollover_check_period":{"type":"number","description":"The time between rollover checks for the audit history index in hours.","description_kind":"plain","optional":true,"computed":true},"ism_history_rollover_retention_period":{"type":"number","description":"How long audit history indices are kept in days.","description_kind":"plain","optional":true,"computed":true},"keep_index_refresh_interval":{"type":"bool","description":"Don't reset index.refresh_interval to the default value. Aiven automation resets index.refresh_interval to default value for every index to be sure that indices are always visible to search. If it doesn't fit your case, you can disable this by setting up this flag to true.","description_kind":"plain","optional":true,"computed":true},"knn_memory_circuit_breaker_enabled":{"type":"bool","description":"Enable or disable KNN memory circuit breaker. Defaults to true.","description_kind":"plain","optional":true,"computed":true},"knn_memory_circuit_breaker_limit":{"type":"number","description":"Maximum amount of memory that can be used for KNN index. Defaults to 50% of the JVM heap size.","description_kind":"plain","optional":true,"computed":true},"override_main_response_version":{"type":"bool","description":"Compatibility mode sets OpenSearch to report its version as 7.10 so clients continue to work. Default is false.","description_kind":"plain","optional":true,"computed":true},"plugins_alerting_filter_by_backend_roles":{"type":"bool","description":"Enable or disable filtering of alerting by backend roles. Requires Security plugin. Defaults to false.","description_kind":"plain","optional":true,"computed":true},"public_access":{"type":"bool","description":"Public Access. Allow access to the service from the public Internet.","description_kind":"plain","optional":true},"reindex_remote_whitelist":{"type":["list","string"],"description":"Whitelisted addresses for reindexing. Changing this value will cause all OpenSearch instances to restart.","description_kind":"plain","optional":true,"computed":true},"script_max_compilations_rate":{"type":"string","description":"Script max compilation rate - circuit breaker to prevent/minimize OOMs. Script compilation circuit breaker limits the number of inline script compilations within a period of time. Default is use-context.","description_kind":"plain","optional":true},"search_max_buckets":{"type":"number","description":"Maximum number of aggregation buckets allowed in a single response. OpenSearch default value is used when this is not defined.","description_kind":"plain","optional":true,"computed":true},"service_log":{"type":"bool","description":"Service logging. Store logs for the service so that they are available in the HTTP API and console.","description_kind":"plain","optional":true,"computed":true},"thread_pool_analyze_queue_size":{"type":"number","description":"analyze thread pool queue size. Size for the thread pool queue. See documentation for exact details.","description_kind":"plain","optional":true,"computed":true},"thread_pool_analyze_size":{"type":"number","description":"analyze thread pool size. Size for the thread pool. See documentation for exact details. Do note this may have maximum value depending on CPU count - value is automatically lowered if set to higher than maximum value.","description_kind":"plain","optional":true,"computed":true},"thread_pool_force_merge_size":{"type":"number","description":"force_merge thread pool size. Size for the thread pool. See documentation for exact details. Do note this may have maximum value depending on CPU count - value is automatically lowered if set to higher than maximum value.","description_kind":"plain","optional":true,"computed":true},"thread_pool_get_queue_size":{"type":"number","description":"get thread pool queue size. Size for the thread pool queue. See documentation for exact details.","description_kind":"plain","optional":true,"computed":true},"thread_pool_get_size":{"type":"number","description":"get thread pool size. Size for the thread pool. See documentation for exact details. Do note this may have maximum value depending on CPU count - value is automatically lowered if set to higher than maximum value.","description_kind":"plain","optional":true,"computed":true},"thread_pool_search_queue_size":{"type":"number","description":"search thread pool queue size. Size for the thread pool queue. See documentation for exact details.","description_kind":"plain","optional":true,"computed":true},"thread_pool_search_size":{"type":"number","description":"search thread pool size. Size for the thread pool. See documentation for exact details. Do note this may have maximum value depending on CPU count - value is automatically lowered if set to higher than maximum value.","description_kind":"plain","optional":true,"computed":true},"thread_pool_search_throttled_queue_size":{"type":"number","description":"search_throttled thread pool queue size. Size for the thread pool queue. See documentation for exact details.","description_kind":"plain","optional":true,"computed":true},"thread_pool_search_throttled_size":{"type":"number","description":"search_throttled thread pool size. Size for the thread pool. See documentation for exact details. Do note this may have maximum value depending on CPU count - value is automatically lowered if set to higher than maximum value.","description_kind":"plain","optional":true,"computed":true},"thread_pool_write_queue_size":{"type":"number","description":"write thread pool queue size. Size for the thread pool queue. See documentation for exact details.","description_kind":"plain","optional":true,"computed":true},"thread_pool_write_size":{"type":"number","description":"write thread pool size. Size for the thread pool. See documentation for exact details. Do note this may have maximum value depending on CPU count - value is automatically lowered if set to higher than maximum value.","description_kind":"plain","optional":true,"computed":true},"version":{"type":"string","description":"OpenSearch major version.","description_kind":"plain","optional":true,"computed":true}},"block_types":{"auth_failure_listeners":{"nesting_mode":"list","block":{"block_types":{"internal_authentication_backend_limiting":{"nesting_mode":"list","block":{"attributes":{"allowed_tries":{"type":"number","description":"The number of login attempts allowed before login is blocked.","description_kind":"plain","optional":true,"computed":true},"authentication_backend":{"type":"string","description":"The internal backend. Enter `internal`.","description_kind":"plain","optional":true,"computed":true},"block_expiry_seconds":{"type":"number","description":"The duration of time that login remains blocked after a failed login.","description_kind":"plain","optional":true,"computed":true},"max_blocked_clients":{"type":"number","description":"The maximum number of blocked IP addresses.","description_kind":"plain","optional":true,"computed":true},"max_tracked_clients":{"type":"number","description":"The maximum number of tracked IP addresses that have failed login.","description_kind":"plain","optional":true,"computed":true},"time_window_seconds":{"type":"number","description":"The window of time in which the value for `allowed_tries` is enforced.","description_kind":"plain","optional":true,"computed":true},"type":{"type":"string","description":"The type of rate limiting.","description_kind":"plain","optional":true,"computed":true}},"description_kind":"plain"},"max_items":1},"ip_rate_limiting":{"nesting_mode":"list","block":{"attributes":{"allowed_tries":{"type":"number","description":"The number of login attempts allowed before login is blocked.","description_kind":"plain","optional":true,"computed":true},"block_expiry_seconds":{"type":"number","description":"The duration of time that login remains blocked after a failed login.","description_kind":"plain","optional":true,"computed":true},"max_blocked_clients":{"type":"number","description":"The maximum number of blocked IP addresses.","description_kind":"plain","optional":true,"computed":true},"max_tracked_clients":{"type":"number","description":"The maximum number of tracked IP addresses that have failed login.","description_kind":"plain","optional":true,"computed":true},"time_window_seconds":{"type":"number","description":"The window of time in which the value for `allowed_tries` is enforced.","description_kind":"plain","optional":true,"computed":true},"type":{"type":"string","description":"The type of rate limiting.","description_kind":"plain","optional":true,"computed":true}},"description":"IP address rate limiting settings.","description_kind":"plain"},"max_items":1}},"description":"Opensearch Security Plugin Settings.","description_kind":"plain"},"max_items":1},"azure_migration":{"nesting_mode":"list","block":{"attributes":{"account":{"type":"string","description":"Account name. Azure account name.","description_kind":"plain","optional":true},"base_path":{"type":"string","description":"The path to the repository data within its container. The path to the repository data within its container. The value of this setting should not start or end with a /.","description_kind":"plain","optional":true},"chunk_size":{"type":"string","description":"Chunk size. Big files can be broken down into chunks during snapshotting if needed. Should be the same as for the 3rd party repository.","description_kind":"plain","optional":true},"compress":{"type":"bool","description":"Metadata files are stored in compressed format. when set to true metadata files are stored in compressed format.","description_kind":"plain","optional":true,"computed":true},"container":{"type":"string","description":"Azure container name. Azure container name.","description_kind":"plain","optional":true},"endpoint_suffix":{"type":"string","description":"Endpoint suffix. Defines the DNS suffix for Azure Storage endpoints.","description_kind":"plain","optional":true},"key":{"type":"string","description":"Account secret key. Azure account secret key. One of key or sas_token should be specified.","description_kind":"plain","optional":true},"sas_token":{"type":"string","description":"SAS token. A shared access signatures (SAS) token. One of key or sas_token should be specified.","description_kind":"plain","optional":true},"snapshot_name":{"type":"string","description":"The snapshot name to restore from. The snapshot name to restore from.","description_kind":"plain","optional":true}},"description_kind":"plain"},"max_items":1},"gcs_migration":{"nesting_mode":"list","block":{"attributes":{"base_path":{"type":"string","description":"The path to the repository data within its container. The path to the repository data within its container. The value of this setting should not start or end with a /.","description_kind":"plain","optional":true},"bucket":{"type":"string","description":"The path to the repository data within its container. Google Cloud Storage bucket name.","description_kind":"plain","optional":true},"chunk_size":{"type":"string","description":"Chunk size. Big files can be broken down into chunks during snapshotting if needed. Should be the same as for the 3rd party repository.","description_kind":"plain","optional":true},"compress":{"type":"bool","description":"Metadata files are stored in compressed format. when set to true metadata files are stored in compressed format.","description_kind":"plain","optional":true,"computed":true},"credentials":{"type":"string","description":"Credentials. Google Cloud Storage credentials file content.","description_kind":"plain","optional":true},"snapshot_name":{"type":"string","description":"The snapshot name to restore from. The snapshot name to restore from.","description_kind":"plain","optional":true}},"description_kind":"plain"},"max_items":1},"index_rollup":{"nesting_mode":"list","block":{"attributes":{"rollup_dashboards_enabled":{"type":"bool","description":"plugins.rollup.dashboards.enabled. Whether rollups are enabled in OpenSearch Dashboards. Defaults to true.","description_kind":"plain","optional":true,"computed":true},"rollup_enabled":{"type":"bool","description":"plugins.rollup.enabled. Whether the rollup plugin is enabled. Defaults to true.","description_kind":"plain","optional":true,"computed":true},"rollup_search_backoff_count":{"type":"number","description":"plugins.rollup.search.backoff_count. How many retries the plugin should attempt for failed rollup jobs. Defaults to 5.","description_kind":"plain","optional":true,"computed":true},"rollup_search_backoff_millis":{"type":"number","description":"plugins.rollup.search.backoff_millis. The backoff time between retries for failed rollup jobs. Defaults to 1000ms.","description_kind":"plain","optional":true,"computed":true},"rollup_search_search_all_jobs":{"type":"bool","description":"plugins.rollup.search.all_jobs. Whether OpenSearch should return all jobs that match all specified search terms. If disabled, OpenSearch returns just one, as opposed to all, of the jobs that matches the search terms. Defaults to false.","description_kind":"plain","optional":true,"computed":true}},"description":"Index rollup settings.","description_kind":"plain"},"max_items":1},"index_template":{"nesting_mode":"list","block":{"attributes":{"mapping_nested_objects_limit":{"type":"number","description":"index.mapping.nested_objects.limit. The maximum number of nested JSON objects that a single document can contain across all nested types. This limit helps to prevent out of memory errors when a document contains too many nested objects. Default is 10000.","description_kind":"plain","optional":true,"computed":true},"number_of_replicas":{"type":"number","description":"The number of replicas each primary shard has.","description_kind":"plain","optional":true,"computed":true},"number_of_shards":{"type":"number","description":"The number of primary shards that an index should have.","description_kind":"plain","optional":true,"computed":true}},"description":"Template settings for all new indexes.","description_kind":"plain"},"max_items":1},"openid":{"nesting_mode":"list","block":{"attributes":{"client_id":{"type":"string","description":"The ID of the OpenID Connect client. The ID of the OpenID Connect client configured in your IdP. Required.","description_kind":"plain","optional":true,"computed":true},"client_secret":{"type":"string","description":"The client secret of the OpenID Connect. The client secret of the OpenID Connect client configured in your IdP. Required.","description_kind":"plain","optional":true,"computed":true},"connect_url":{"type":"string","description":"OpenID Connect metadata/configuration URL. The URL of your IdP where the Security plugin can find the OpenID Connect metadata/configuration settings.","description_kind":"plain","optional":true},"enabled":{"type":"bool","description":"Enable or disable OpenSearch OpenID Connect authentication. Enables or disables OpenID Connect authentication for OpenSearch. When enabled, users can authenticate using OpenID Connect with an Identity Provider.","description_kind":"plain","optional":true,"computed":true},"header":{"type":"string","description":"HTTP header name of the JWT token. HTTP header name of the JWT token. Optional. Default is Authorization.","description_kind":"plain","optional":true,"computed":true},"jwt_header":{"type":"string","description":"The HTTP header that stores the token. The HTTP header that stores the token. Typically the Authorization header with the Bearer schema: Authorization: Bearer \u003ctoken\u003e. Optional. Default is Authorization.","description_kind":"plain","optional":true,"computed":true},"jwt_url_parameter":{"type":"string","description":"URL JWT token. If the token is not transmitted in the HTTP header, but as an URL parameter, define the name of the parameter here. Optional.","description_kind":"plain","optional":true,"computed":true},"refresh_rate_limit_count":{"type":"number","description":"The maximum number of unknown key IDs in the time frame. The maximum number of unknown key IDs in the time frame. Default is 10. Optional.","description_kind":"plain","optional":true,"computed":true},"refresh_rate_limit_time_window_ms":{"type":"number","description":"The time frame to use when checking the maximum number of unknown key IDs, in milliseconds. The time frame to use when checking the maximum number of unknown key IDs, in milliseconds. Optional.Default is 10000 (10 seconds).","description_kind":"plain","optional":true,"computed":true},"roles_key":{"type":"string","description":"The key in the JSON payload that stores the user’s roles. The key in the JSON payload that stores the user’s roles. The value of this key must be a comma-separated list of roles. Required only if you want to use roles in the JWT.","description_kind":"plain","optional":true,"computed":true},"scope":{"type":"string","description":"The scope of the identity token issued by the IdP. The scope of the identity token issued by the IdP. Optional. Default is openid profile email address phone.","description_kind":"plain","optional":true,"computed":true},"subject_key":{"type":"string","description":"The key in the JSON payload that stores the user’s name. The key in the JSON payload that stores the user’s name. If not defined, the subject registered claim is used. Most IdP providers use the preferred_username claim. Optional.","description_kind":"plain","optional":true,"computed":true}},"description":"OpenSearch OpenID Connect Configuration.","description_kind":"plain"},"max_items":1},"opensearch_dashboards":{"nesting_mode":"list","block":{"attributes":{"enabled":{"type":"bool","description":"Enable or disable OpenSearch Dashboards.","description_kind":"plain","optional":true,"computed":true},"max_old_space_size":{"type":"number","description":"Limits the maximum amount of memory (in MiB) the OpenSearch Dashboards process can use. This sets the max_old_space_size option of the nodejs running the OpenSearch Dashboards. Note: the memory reserved by OpenSearch Dashboards is not available for OpenSearch.","description_kind":"plain","optional":true,"computed":true},"opensearch_request_timeout":{"type":"number","description":"Timeout in milliseconds for requests made by OpenSearch Dashboards towards OpenSearch.","description_kind":"plain","optional":true,"computed":true}},"description":"OpenSearch Dashboards settings.","description_kind":"plain"},"max_items":1},"s3_migration":{"nesting_mode":"list","block":{"attributes":{"access_key":{"type":"string","description":"AWS Access key. AWS Access key.","description_kind":"plain","optional":true},"base_path":{"type":"string","description":"The path to the repository data within its container. The path to the repository data within its container. The value of this setting should not start or end with a /.","description_kind":"plain","optional":true},"bucket":{"type":"string","description":"S3 bucket name. S3 bucket name.","description_kind":"plain","optional":true},"chunk_size":{"type":"string","description":"Chunk size. Big files can be broken down into chunks during snapshotting if needed. Should be the same as for the 3rd party repository.","description_kind":"plain","optional":true},"compress":{"type":"bool","description":"Metadata files are stored in compressed format. when set to true metadata files are stored in compressed format.","description_kind":"plain","optional":true,"computed":true},"endpoint":{"type":"string","description":"The S3 service endpoint to connect. The S3 service endpoint to connect to. If you are using an S3-compatible service then you should set this to the service’s endpoint.","description_kind":"plain","optional":true},"region":{"type":"string","description":"S3 region. S3 region.","description_kind":"plain","optional":true},"secret_key":{"type":"string","description":"AWS secret key. AWS secret key.","description_kind":"plain","optional":true},"server_side_encryption":{"type":"bool","description":"Server side encryption. When set to true files are encrypted on server side.","description_kind":"plain","optional":true,"computed":true},"snapshot_name":{"type":"string","description":"The snapshot name to restore from. The snapshot name to restore from.","description_kind":"plain","optional":true}},"description_kind":"plain"},"max_items":1},"saml":{"nesting_mode":"list","block":{"attributes":{"enabled":{"type":"bool","description":"Enable or disable OpenSearch SAML authentication. Enables or disables SAML-based authentication for OpenSearch. When enabled, users can authenticate using SAML with an Identity Provider.","description_kind":"plain","optional":true,"computed":true},"idp_entity_id":{"type":"string","description":"Identity Provider Entity ID. The unique identifier for the Identity Provider (IdP) entity that is used for SAML authentication. This value is typically provided by the IdP.","description_kind":"plain","optional":true,"computed":true},"idp_metadata_url":{"type":"string","description":"Identity Provider (IdP) SAML metadata URL. The URL of the SAML metadata for the Identity Provider (IdP). This is used to configure SAML-based authentication with the IdP.","description_kind":"plain","optional":true,"computed":true},"idp_pemtrustedcas_content":{"type":"string","description":"PEM-encoded root CA Content for SAML IdP server verification. This parameter specifies the PEM-encoded root certificate authority (CA) content for the SAML identity provider (IdP) server verification. The root CA content is used to verify the SSL/TLS certificate presented by the server.","description_kind":"plain","optional":true,"computed":true},"roles_key":{"type":"string","description":"SAML response role attribute. Optional. Specifies the attribute in the SAML response where role information is stored, if available. Role attributes are not required for SAML authentication, but can be included in SAML assertions by most Identity Providers (IdPs) to determine user access levels or permissions.","description_kind":"plain","optional":true,"computed":true},"sp_entity_id":{"type":"string","description":"Service Provider Entity ID. The unique identifier for the Service Provider (SP) entity that is used for SAML authentication. This value is typically provided by the SP.","description_kind":"plain","optional":true,"computed":true},"subject_key":{"type":"string","description":"SAML response subject attribute. Optional. Specifies the attribute in the SAML response where the subject identifier is stored. If not configured, the NameID attribute is used by default.","description_kind":"plain","optional":true,"computed":true}},"description":"OpenSearch SAML configuration.","description_kind":"plain"},"max_items":1}},"description":"Database Engine properties for OpenSearch","description_kind":"plain"},"max_items":1}},"description":"This resource represents OpenSearch managed database. See UpCloud [Managed Databases](https://upcloud.com/products/managed-databases) product page for more details about the service.","description_kind":"plain"}},"upcloud_managed_database_postgresql":{"version":0,"block":{"attributes":{"components":{"type":["list",["object",{"component":"string","host":"string","port":"number","route":"string","usage":"string"}]],"description":"Service component information","description_kind":"plain","computed":true},"id":{"type":"string","description_kind":"plain","optional":true,"computed":true},"labels":{"type":["map","string"],"description":"User defined key-value pairs to classify the managed database.","description_kind":"plain","optional":true},"maintenance_window_dow":{"type":"string","description":"Maintenance window day of week. Lower case weekday name (monday, tuesday, ...)","description_kind":"plain","optional":true,"computed":true},"maintenance_window_time":{"type":"string","description":"Maintenance window UTC time in hh:mm:ss format","description_kind":"plain","optional":true,"computed":true},"name":{"type":"string","description":"Name of the service. The name is used as a prefix for the logical hostname. Must be unique within an account","description_kind":"plain","required":true},"node_states":{"type":["list",["object",{"name":"string","role":"string","state":"string"}]],"description":"Information about nodes providing the managed service","description_kind":"plain","computed":true},"plan":{"type":"string","description":"Service plan to use. This determines how much resources the instance will have. You can list available plans with `upctl database plans \u003ctype\u003e`.","description_kind":"plain","required":true},"powered":{"type":"bool","description":"The administrative power state of the service","description_kind":"plain","optional":true},"primary_database":{"type":"string","description":"Primary database name","description_kind":"plain","computed":true},"service_host":{"type":"string","description":"Hostname to the service instance","description_kind":"plain","computed":true},"service_password":{"type":"string","description":"Primary username's password to the service instance","description_kind":"plain","computed":true,"sensitive":true},"service_port":{"type":"string","description":"Port to the service instance","description_kind":"plain","computed":true},"service_uri":{"type":"string","description":"URI to the service instance","description_kind":"plain","computed":true,"sensitive":true},"service_username":{"type":"string","description":"Primary username to the service instance","description_kind":"plain","computed":true},"sslmode":{"type":"string","description":"SSL Connection Mode for PostgreSQL","description_kind":"plain","computed":true},"state":{"type":"string","description":"State of the service","description_kind":"plain","computed":true},"title":{"type":"string","description":"Title of a managed database instance","description_kind":"plain","required":true},"type":{"type":"string","description":"Type of the service","description_kind":"plain","computed":true},"zone":{"type":"string","description":"Zone where the instance resides, e.g. `de-fra1`. You can list available zones with `upctl zone list`.","description_kind":"plain","required":true}},"block_types":{"network":{"nesting_mode":"set","block":{"attributes":{"family":{"type":"string","description":"Network family. Currently only `IPv4` is supported.","description_kind":"plain","required":true},"name":{"type":"string","description":"The name of the network. Must be unique within the service.","description_kind":"plain","required":true},"type":{"type":"string","description":"The type of the network. Must be private.","description_kind":"plain","required":true},"uuid":{"type":"string","description":"Private network UUID. Must reside in the same zone as the database.","description_kind":"plain","required":true}},"description":"Private networks attached to the managed database","description_kind":"plain"},"max_items":8},"properties":{"nesting_mode":"list","block":{"attributes":{"admin_password":{"type":"string","description":"Custom password for admin user. Defaults to random string. This must be set only when a new service is being created.","description_kind":"plain","optional":true,"computed":true,"sensitive":true},"admin_username":{"type":"string","description":"Custom username for admin user. This must be set only when a new service is being created.","description_kind":"plain","optional":true,"computed":true},"automatic_utility_network_ip_filter":{"type":"bool","description":"Automatic utility network IP Filter. Automatically allow connections from servers in the utility network within the same zone.","description_kind":"plain","optional":true},"autovacuum_analyze_scale_factor":{"type":"number","description":"Specifies a fraction of the table size to add to autovacuum_analyze_threshold when deciding whether to trigger an ANALYZE. The default is 0.2 (20% of table size).","description_kind":"plain","optional":true,"computed":true},"autovacuum_analyze_threshold":{"type":"number","description":"Specifies the minimum number of inserted, updated or deleted tuples needed to trigger an ANALYZE in any one table. The default is 50 tuples.","description_kind":"plain","optional":true,"computed":true},"autovacuum_freeze_max_age":{"type":"number","description":"Specifies the maximum age (in transactions) that a table's pg_class.relfrozenxid field can attain before a VACUUM operation is forced to prevent transaction ID wraparound within the table. Note that the system will launch autovacuum processes to prevent wraparound even when autovacuum is otherwise disabled. This parameter will cause the server to be restarted.","description_kind":"plain","optional":true,"computed":true},"autovacuum_max_workers":{"type":"number","description":"Specifies the maximum number of autovacuum processes (other than the autovacuum launcher) that may be running at any one time. The default is three. This parameter can only be set at server start.","description_kind":"plain","optional":true,"computed":true},"autovacuum_naptime":{"type":"number","description":"Specifies the minimum delay between autovacuum runs on any given database. The delay is measured in seconds, and the default is one minute.","description_kind":"plain","optional":true,"computed":true},"autovacuum_vacuum_cost_delay":{"type":"number","description":"Specifies the cost delay value that will be used in automatic VACUUM operations. If -1 is specified, the regular vacuum_cost_delay value will be used. The default value is 20 milliseconds.","description_kind":"plain","optional":true,"computed":true},"autovacuum_vacuum_cost_limit":{"type":"number","description":"Specifies the cost limit value that will be used in automatic VACUUM operations. If -1 is specified (which is the default), the regular vacuum_cost_limit value will be used.","description_kind":"plain","optional":true,"computed":true},"autovacuum_vacuum_scale_factor":{"type":"number","description":"Specifies a fraction of the table size to add to autovacuum_vacuum_threshold when deciding whether to trigger a VACUUM. The default is 0.2 (20% of table size).","description_kind":"plain","optional":true,"computed":true},"autovacuum_vacuum_threshold":{"type":"number","description":"Specifies the minimum number of updated or deleted tuples needed to trigger a VACUUM in any one table. The default is 50 tuples.","description_kind":"plain","optional":true,"computed":true},"backup_hour":{"type":"number","description":"The hour of day (in UTC) when backup for the service is started. New backup is only started if previous backup has already completed.","description_kind":"plain","optional":true,"computed":true},"backup_minute":{"type":"number","description":"The minute of an hour when backup for the service is started. New backup is only started if previous backup has already completed.","description_kind":"plain","optional":true,"computed":true},"bgwriter_delay":{"type":"number","description":"Specifies the delay between activity rounds for the background writer in milliseconds. Default is 200.","description_kind":"plain","optional":true,"computed":true},"bgwriter_flush_after":{"type":"number","description":"Whenever more than bgwriter_flush_after bytes have been written by the background writer, attempt to force the OS to issue these writes to the underlying storage. Specified in kilobytes, default is 512. Setting of 0 disables forced writeback.","description_kind":"plain","optional":true,"computed":true},"bgwriter_lru_maxpages":{"type":"number","description":"In each round, no more than this many buffers will be written by the background writer. Setting this to zero disables background writing. Default is 100.","description_kind":"plain","optional":true,"computed":true},"bgwriter_lru_multiplier":{"type":"number","description":"The average recent need for new buffers is multiplied by bgwriter_lru_multiplier to arrive at an estimate of the number that will be needed during the next round, (up to bgwriter_lru_maxpages). 1.0 represents a “just in time” policy of writing exactly the number of buffers predicted to be needed. Larger values provide some cushion against spikes in demand, while smaller values intentionally leave writes to be done by server processes. The default is 2.0.","description_kind":"plain","optional":true,"computed":true},"deadlock_timeout":{"type":"number","description":"This is the amount of time, in milliseconds, to wait on a lock before checking to see if there is a deadlock condition.","description_kind":"plain","optional":true,"computed":true},"default_toast_compression":{"type":"string","description":"Specifies the default TOAST compression method for values of compressible columns (the default is lz4).","description_kind":"plain","optional":true,"computed":true},"idle_in_transaction_session_timeout":{"type":"number","description":"Time out sessions with open transactions after this number of milliseconds.","description_kind":"plain","optional":true,"computed":true},"ip_filter":{"type":["list","string"],"description":"IP filter. Allow incoming connections from CIDR address block, e.g. '10.20.0.0/16'.","description_kind":"plain","optional":true,"computed":true},"jit":{"type":"bool","description":"Controls system-wide use of Just-in-Time Compilation (JIT).","description_kind":"plain","optional":true,"computed":true},"log_autovacuum_min_duration":{"type":"number","description":"Causes each action executed by autovacuum to be logged if it ran for at least the specified number of milliseconds. Setting this to zero logs all autovacuum actions. Minus-one (the default) disables logging autovacuum actions.","description_kind":"plain","optional":true,"computed":true},"log_error_verbosity":{"type":"string","description":"Controls the amount of detail written in the server log for each message that is logged.","description_kind":"plain","optional":true,"computed":true},"log_line_prefix":{"type":"string","description":"Choose from one of the available log formats.","description_kind":"plain","optional":true,"computed":true},"log_min_duration_statement":{"type":"number","description":"Log statements that take more than this number of milliseconds to run, -1 disables.","description_kind":"plain","optional":true,"computed":true},"log_temp_files":{"type":"number","description":"Log statements for each temporary file created larger than this number of kilobytes, -1 disables.","description_kind":"plain","optional":true,"computed":true},"max_files_per_process":{"type":"number","description":"PostgreSQL maximum number of files that can be open per process.","description_kind":"plain","optional":true,"computed":true},"max_locks_per_transaction":{"type":"number","description":"PostgreSQL maximum locks per transaction.","description_kind":"plain","optional":true,"computed":true},"max_logical_replication_workers":{"type":"number","description":"PostgreSQL maximum logical replication workers (taken from the pool of max_parallel_workers).","description_kind":"plain","optional":true,"computed":true},"max_parallel_workers":{"type":"number","description":"Sets the maximum number of workers that the system can support for parallel queries.","description_kind":"plain","optional":true,"computed":true},"max_parallel_workers_per_gather":{"type":"number","description":"Sets the maximum number of workers that can be started by a single Gather or Gather Merge node.","description_kind":"plain","optional":true,"computed":true},"max_pred_locks_per_transaction":{"type":"number","description":"PostgreSQL maximum predicate locks per transaction.","description_kind":"plain","optional":true,"computed":true},"max_prepared_transactions":{"type":"number","description":"PostgreSQL maximum prepared transactions.","description_kind":"plain","optional":true,"computed":true},"max_replication_slots":{"type":"number","description":"PostgreSQL maximum replication slots.","description_kind":"plain","optional":true,"computed":true},"max_slot_wal_keep_size":{"type":"number","description":"PostgreSQL maximum WAL size (MB) reserved for replication slots. Default is -1 (unlimited). wal_keep_size minimum WAL size setting takes precedence over this.","description_kind":"plain","optional":true,"computed":true},"max_stack_depth":{"type":"number","description":"Maximum depth of the stack in bytes.","description_kind":"plain","optional":true,"computed":true},"max_standby_archive_delay":{"type":"number","description":"Max standby archive delay in milliseconds.","description_kind":"plain","optional":true,"computed":true},"max_standby_streaming_delay":{"type":"number","description":"Max standby streaming delay in milliseconds.","description_kind":"plain","optional":true,"computed":true},"max_wal_senders":{"type":"number","description":"PostgreSQL maximum WAL senders.","description_kind":"plain","optional":true,"computed":true},"max_worker_processes":{"type":"number","description":"Sets the maximum number of background processes that the system can support.","description_kind":"plain","optional":true,"computed":true},"pg_partman_bgw_interval":{"type":"number","description":"Sets the time interval to run pg_partman's scheduled tasks.","description_kind":"plain","optional":true,"computed":true},"pg_partman_bgw_role":{"type":"string","description":"Controls which role to use for pg_partman's scheduled background tasks.","description_kind":"plain","optional":true,"computed":true},"pg_stat_monitor_enable":{"type":"bool","description":"Enable pg_stat_monitor extension if available for the current cluster. Enable the pg_stat_monitor extension. Enabling this extension will cause the cluster to be restarted.When this extension is enabled, pg_stat_statements results for utility commands are unreliable.","description_kind":"plain","optional":true},"pg_stat_monitor_pgsm_enable_query_plan":{"type":"bool","description":"Enables or disables query plan monitoring.","description_kind":"plain","optional":true,"computed":true},"pg_stat_monitor_pgsm_max_buckets":{"type":"number","description":"Sets the maximum number of buckets.","description_kind":"plain","optional":true,"computed":true},"pg_stat_statements_track":{"type":"string","description":"Controls which statements are counted. Specify top to track top-level statements (those issued directly by clients), all to also track nested statements (such as statements invoked within functions), or none to disable statement statistics collection. The default value is top.","description_kind":"plain","optional":true,"computed":true},"public_access":{"type":"bool","description":"Public Access. Allow access to the service from the public Internet.","description_kind":"plain","optional":true},"service_log":{"type":"bool","description":"Service logging. Store logs for the service so that they are available in the HTTP API and console.","description_kind":"plain","optional":true,"computed":true},"shared_buffers_percentage":{"type":"number","description":"Percentage of total RAM that the database server uses for shared memory buffers. Valid range is 20-60 (float), which corresponds to 20% - 60%. This setting adjusts the shared_buffers configuration value.","description_kind":"plain","optional":true,"computed":true},"synchronous_replication":{"type":"string","description":"Synchronous replication type. Note that the service plan also needs to support synchronous replication.","description_kind":"plain","optional":true,"computed":true},"temp_file_limit":{"type":"number","description":"PostgreSQL temporary file limit in KiB, -1 for unlimited.","description_kind":"plain","optional":true,"computed":true},"timezone":{"type":"string","description":"PostgreSQL service timezone.","description_kind":"plain","optional":true},"track_activity_query_size":{"type":"number","description":"Specifies the number of bytes reserved to track the currently executing command for each active session.","description_kind":"plain","optional":true,"computed":true},"track_commit_timestamp":{"type":"string","description":"Record commit time of transactions.","description_kind":"plain","optional":true,"computed":true},"track_functions":{"type":"string","description":"Enables tracking of function call counts and time used.","description_kind":"plain","optional":true,"computed":true},"track_io_timing":{"type":"string","description":"Enables timing of database I/O calls. This parameter is off by default, because it will repeatedly query the operating system for the current time, which may cause significant overhead on some platforms.","description_kind":"plain","optional":true,"computed":true},"variant":{"type":"string","description":"Variant of the PostgreSQL service, may affect the features that are exposed by default.","description_kind":"plain","optional":true,"computed":true},"version":{"type":"string","description":"PostgreSQL major version.","description_kind":"plain","optional":true,"computed":true},"wal_sender_timeout":{"type":"number","description":"Terminate replication connections that are inactive for longer than this amount of time, in milliseconds. Setting this value to zero disables the timeout.","description_kind":"plain","optional":true,"computed":true},"wal_writer_delay":{"type":"number","description":"WAL flush interval in milliseconds. Note that setting this value to lower than the default 200ms may negatively impact performance.","description_kind":"plain","optional":true,"computed":true},"work_mem":{"type":"number","description":"Sets the maximum amount of memory to be used by a query operation (such as a sort or hash table) before writing to temporary disk files, in MB. Default is 1MB + 0.075% of total RAM (up to 32MB).","description_kind":"plain","optional":true,"computed":true}},"block_types":{"migration":{"nesting_mode":"list","block":{"attributes":{"dbname":{"type":"string","description":"Database name for bootstrapping the initial connection.","description_kind":"plain","optional":true,"computed":true},"host":{"type":"string","description":"Hostname or IP address of the server where to migrate data from.","description_kind":"plain","optional":true,"computed":true},"ignore_dbs":{"type":"string","description":"Comma-separated list of databases, which should be ignored during migration (supported by MySQL and PostgreSQL only at the moment).","description_kind":"plain","optional":true,"computed":true},"ignore_roles":{"type":"string","description":"Comma-separated list of database roles, which should be ignored during migration (supported by PostgreSQL only at the moment).","description_kind":"plain","optional":true,"computed":true},"method":{"type":"string","description":"The migration method to be used (currently supported only by Redis, Dragonfly, MySQL and PostgreSQL service types).","description_kind":"plain","optional":true,"computed":true},"password":{"type":"string","description":"Password for authentication with the server where to migrate data from.","description_kind":"plain","optional":true,"computed":true,"sensitive":true},"port":{"type":"number","description":"Port number of the server where to migrate data from.","description_kind":"plain","optional":true,"computed":true},"ssl":{"type":"bool","description":"The server where to migrate data from is secured with SSL.","description_kind":"plain","optional":true,"computed":true},"username":{"type":"string","description":"User name for authentication with the server where to migrate data from.","description_kind":"plain","optional":true,"computed":true}},"description":"Migrate data from existing server.","description_kind":"plain"},"max_items":1},"pgbouncer":{"nesting_mode":"list","block":{"attributes":{"autodb_idle_timeout":{"type":"number","description":"If the automatically created database pools have been unused this many seconds, they are freed. If 0 then timeout is disabled. [seconds].","description_kind":"plain","optional":true,"computed":true},"autodb_max_db_connections":{"type":"number","description":"Do not allow more than this many server connections per database (regardless of user). Setting it to 0 means unlimited.","description_kind":"plain","optional":true,"computed":true},"autodb_pool_mode":{"type":"string","description":"PGBouncer pool mode.","description_kind":"plain","optional":true,"computed":true},"autodb_pool_size":{"type":"number","description":"If non-zero then create automatically a pool of that size per user when a pool doesn't exist.","description_kind":"plain","optional":true,"computed":true},"ignore_startup_parameters":{"type":["list","string"],"description":"List of parameters to ignore when given in startup packet.","description_kind":"plain","optional":true,"computed":true},"max_prepared_statements":{"type":"number","description":"PgBouncer tracks protocol-level named prepared statements related commands sent by the client in transaction and statement pooling modes when max_prepared_statements is set to a non-zero value. Setting it to 0 disables prepared statements. max_prepared_statements defaults to 100, and its maximum is 3000.","description_kind":"plain","optional":true,"computed":true},"min_pool_size":{"type":"number","description":"Add more server connections to pool if below this number. Improves behavior when usual load comes suddenly back after period of total inactivity. The value is effectively capped at the pool size.","description_kind":"plain","optional":true,"computed":true},"server_idle_timeout":{"type":"number","description":"If a server connection has been idle more than this many seconds it will be dropped. If 0 then timeout is disabled. [seconds].","description_kind":"plain","optional":true,"computed":true},"server_lifetime":{"type":"number","description":"The pooler will close an unused server connection that has been connected longer than this. [seconds].","description_kind":"plain","optional":true,"computed":true},"server_reset_query_always":{"type":"bool","description":"Run server_reset_query (DISCARD ALL) in all pooling modes.","description_kind":"plain","optional":true,"computed":true}},"description":"PGBouncer connection pooling settings. System-wide settings for pgbouncer.","description_kind":"plain"},"max_items":1},"pglookout":{"nesting_mode":"list","block":{"attributes":{"max_failover_replication_time_lag":{"type":"number","description":"Number of seconds of master unavailability before triggering database failover to standby.","description_kind":"plain","optional":true,"computed":true}},"description":"PGLookout settings. System-wide settings for pglookout.","description_kind":"plain"},"max_items":1},"timescaledb":{"nesting_mode":"list","block":{"attributes":{"max_background_workers":{"type":"number","description":"The number of background workers for timescaledb operations. You should configure this setting to the sum of your number of databases and the total number of concurrent background workers you want running at any given point in time.","description_kind":"plain","optional":true,"computed":true}},"description":"TimescaleDB extension configuration values. System-wide settings for the timescaledb extension.","description_kind":"plain"},"max_items":1}},"description":"Database Engine properties for PostgreSQL","description_kind":"plain"},"max_items":1}},"description":"This resource represents PostgreSQL managed database. See UpCloud [Managed Databases](https://upcloud.com/products/managed-databases) product page for more details about the service.","description_kind":"plain"}},"upcloud_managed_database_redis":{"version":0,"block":{"attributes":{"components":{"type":["list",["object",{"component":"string","host":"string","port":"number","route":"string","usage":"string"}]],"description":"Service component information","description_kind":"plain","computed":true},"id":{"type":"string","description_kind":"plain","optional":true,"computed":true},"labels":{"type":["map","string"],"description":"User defined key-value pairs to classify the managed database.","description_kind":"plain","optional":true},"maintenance_window_dow":{"type":"string","description":"Maintenance window day of week. Lower case weekday name (monday, tuesday, ...)","description_kind":"plain","optional":true,"computed":true},"maintenance_window_time":{"type":"string","description":"Maintenance window UTC time in hh:mm:ss format","description_kind":"plain","optional":true,"computed":true},"name":{"type":"string","description":"Name of the service. The name is used as a prefix for the logical hostname. Must be unique within an account","description_kind":"plain","required":true},"node_states":{"type":["list",["object",{"name":"string","role":"string","state":"string"}]],"description":"Information about nodes providing the managed service","description_kind":"plain","computed":true},"plan":{"type":"string","description":"Service plan to use. This determines how much resources the instance will have. You can list available plans with `upctl database plans \u003ctype\u003e`.","description_kind":"plain","required":true},"powered":{"type":"bool","description":"The administrative power state of the service","description_kind":"plain","optional":true},"primary_database":{"type":"string","description":"Primary database name","description_kind":"plain","computed":true},"service_host":{"type":"string","description":"Hostname to the service instance","description_kind":"plain","computed":true},"service_password":{"type":"string","description":"Primary username's password to the service instance","description_kind":"plain","computed":true,"sensitive":true},"service_port":{"type":"string","description":"Port to the service instance","description_kind":"plain","computed":true},"service_uri":{"type":"string","description":"URI to the service instance","description_kind":"plain","computed":true,"sensitive":true},"service_username":{"type":"string","description":"Primary username to the service instance","description_kind":"plain","computed":true},"state":{"type":"string","description":"State of the service","description_kind":"plain","computed":true},"title":{"type":"string","description":"Title of a managed database instance","description_kind":"plain","required":true},"type":{"type":"string","description":"Type of the service","description_kind":"plain","computed":true},"zone":{"type":"string","description":"Zone where the instance resides, e.g. `de-fra1`. You can list available zones with `upctl zone list`.","description_kind":"plain","required":true}},"block_types":{"network":{"nesting_mode":"set","block":{"attributes":{"family":{"type":"string","description":"Network family. Currently only `IPv4` is supported.","description_kind":"plain","required":true},"name":{"type":"string","description":"The name of the network. Must be unique within the service.","description_kind":"plain","required":true},"type":{"type":"string","description":"The type of the network. Must be private.","description_kind":"plain","required":true},"uuid":{"type":"string","description":"Private network UUID. Must reside in the same zone as the database.","description_kind":"plain","required":true}},"description":"Private networks attached to the managed database","description_kind":"plain"},"max_items":8},"properties":{"nesting_mode":"list","block":{"attributes":{"automatic_utility_network_ip_filter":{"type":"bool","description":"Automatic utility network IP Filter. Automatically allow connections from servers in the utility network within the same zone.","description_kind":"plain","optional":true},"ip_filter":{"type":["list","string"],"description":"IP filter. Allow incoming connections from CIDR address block, e.g. '10.20.0.0/16'.","description_kind":"plain","optional":true,"computed":true},"public_access":{"type":"bool","description":"Public Access. Allow access to the service from the public Internet.","description_kind":"plain","optional":true},"redis_acl_channels_default":{"type":"string","description":"Default ACL for pub/sub channels used when Redis user is created. Determines default pub/sub channels' ACL for new users if ACL is not supplied. When this option is not defined, all_channels is assumed to keep backward compatibility. This option doesn't affect Redis configuration acl-pubsub-default.","description_kind":"plain","optional":true,"computed":true},"redis_io_threads":{"type":"number","description":"Redis IO thread count. Set Redis IO thread count. Changing this will cause a restart of the Redis service.","description_kind":"plain","optional":true,"computed":true},"redis_lfu_decay_time":{"type":"number","description":"LFU maxmemory-policy counter decay time in minutes.","description_kind":"plain","optional":true,"computed":true},"redis_lfu_log_factor":{"type":"number","description":"Counter logarithm factor for volatile-lfu and allkeys-lfu maxmemory-policies.","description_kind":"plain","optional":true,"computed":true},"redis_maxmemory_policy":{"type":"string","description":"Redis maxmemory-policy.","description_kind":"plain","optional":true,"computed":true},"redis_notify_keyspace_events":{"type":"string","description":"Set notify-keyspace-events option.","description_kind":"plain","optional":true},"redis_number_of_databases":{"type":"number","description":"Number of Redis databases. Set number of Redis databases. Changing this will cause a restart of the Redis service.","description_kind":"plain","optional":true,"computed":true},"redis_persistence":{"type":"string","description":"Redis persistence. When persistence is 'rdb', Redis does RDB dumps each 10 minutes if any key is changed. Also RDB dumps are done according to the backup schedule for backup purposes. When persistence is 'off', no RDB dumps or backups are done, so data can be lost at any moment if the service is restarted for any reason, or if the service is powered off. Also, the service can't be forked.","description_kind":"plain","optional":true,"computed":true},"redis_pubsub_client_output_buffer_limit":{"type":"number","description":"Pub/sub client output buffer hard limit in MB. Set output buffer limit for pub / sub clients in MB. The value is the hard limit, the soft limit is 1/4 of the hard limit. When setting the limit, be mindful of the available memory in the selected service plan.","description_kind":"plain","optional":true,"computed":true},"redis_ssl":{"type":"bool","description":"Require SSL to access Redis.","description_kind":"plain","optional":true},"redis_timeout":{"type":"number","description":"Redis idle connection timeout in seconds.","description_kind":"plain","optional":true,"computed":true},"redis_version":{"type":"string","description":"Redis major version.","description_kind":"plain","optional":true,"computed":true},"service_log":{"type":"bool","description":"Service logging. Store logs for the service so that they are available in the HTTP API and console.","description_kind":"plain","optional":true,"computed":true}},"block_types":{"migration":{"nesting_mode":"list","block":{"attributes":{"dbname":{"type":"string","description":"Database name for bootstrapping the initial connection.","description_kind":"plain","optional":true,"computed":true},"host":{"type":"string","description":"Hostname or IP address of the server where to migrate data from.","description_kind":"plain","optional":true,"computed":true},"ignore_dbs":{"type":"string","description":"Comma-separated list of databases, which should be ignored during migration (supported by MySQL and PostgreSQL only at the moment).","description_kind":"plain","optional":true,"computed":true},"ignore_roles":{"type":"string","description":"Comma-separated list of database roles, which should be ignored during migration (supported by PostgreSQL only at the moment).","description_kind":"plain","optional":true,"computed":true},"method":{"type":"string","description":"The migration method to be used (currently supported only by Redis, Dragonfly, MySQL and PostgreSQL service types).","description_kind":"plain","optional":true,"computed":true},"password":{"type":"string","description":"Password for authentication with the server where to migrate data from.","description_kind":"plain","optional":true,"computed":true,"sensitive":true},"port":{"type":"number","description":"Port number of the server where to migrate data from.","description_kind":"plain","optional":true,"computed":true},"ssl":{"type":"bool","description":"The server where to migrate data from is secured with SSL.","description_kind":"plain","optional":true,"computed":true},"username":{"type":"string","description":"User name for authentication with the server where to migrate data from.","description_kind":"plain","optional":true,"computed":true}},"description":"Migrate data from existing server.","description_kind":"plain"},"max_items":1}},"description":"Database Engine properties for Redis","description_kind":"plain"},"max_items":1}},"description":"This resource represents Redis managed database. See UpCloud [Managed Databases](https://upcloud.com/products/managed-databases) product page for more details about the service.","description_kind":"plain"}},"upcloud_managed_database_user":{"version":0,"block":{"attributes":{"authentication":{"type":"string","description":"MySQL only, authentication type.","description_kind":"plain","optional":true},"id":{"type":"string","description_kind":"plain","optional":true,"computed":true},"password":{"type":"string","description":"Password for the database user. Defaults to a random value","description_kind":"plain","optional":true,"computed":true,"sensitive":true},"service":{"type":"string","description":"Service's UUID for which this user belongs to","description_kind":"plain","required":true},"type":{"type":"string","description":"Type of the user. Only normal type users can be created","description_kind":"plain","computed":true},"username":{"type":"string","description":"Name of the database user","description_kind":"plain","required":true}},"block_types":{"opensearch_access_control":{"nesting_mode":"list","block":{"block_types":{"rules":{"nesting_mode":"list","block":{"attributes":{"index":{"type":"string","description":"Set index name, pattern or top level API.","description_kind":"plain","required":true},"permission":{"type":"string","description":"Set permission access.","description_kind":"plain","required":true}},"description":"Set user access control rules.","description_kind":"plain"},"min_items":1}},"description":"OpenSearch access control object.","description_kind":"plain"},"max_items":1},"pg_access_control":{"nesting_mode":"list","block":{"attributes":{"allow_replication":{"type":"bool","description":"Grant replication privilege","description_kind":"plain","optional":true}},"description":"PostgreSQL access control object.","description_kind":"plain"},"max_items":1},"redis_access_control":{"nesting_mode":"list","block":{"attributes":{"categories":{"type":["list","string"],"description":"Set access control to all commands in specified categories.","description_kind":"plain","optional":true},"channels":{"type":["list","string"],"description":"Set access control to Pub/Sub channels.","description_kind":"plain","optional":true},"commands":{"type":["list","string"],"description":"Set access control to commands.","description_kind":"plain","optional":true},"keys":{"type":["list","string"],"description":"Set access control to keys.","description_kind":"plain","optional":true}},"description":"Redis access control object.","description_kind":"plain"},"max_items":1}},"description":"This resource represents a user in managed database","description_kind":"plain"}},"upcloud_managed_object_storage":{"version":0,"block":{"attributes":{"configured_status":{"type":"string","description":"Service status managed by the end user.","description_kind":"plain","required":true},"created_at":{"type":"string","description":"Creation time.","description_kind":"plain","computed":true},"endpoint":{"type":["set",["object",{"domain_name":"string","iam_url":"string","sts_url":"string","type":"string"}]],"description":"Endpoints for accessing the Managed Object Storage service.","description_kind":"plain","computed":true},"id":{"type":"string","description_kind":"plain","optional":true,"computed":true},"labels":{"type":["map","string"],"description":"User defined key-value pairs to classify the managed object storage.","description_kind":"plain","optional":true},"name":{"type":"string","description":"Name of the Managed Object Storage service. Must be unique within account.","description_kind":"plain","required":true},"operational_state":{"type":"string","description":"Operational state of the Managed Object Storage service.","description_kind":"plain","computed":true},"region":{"type":"string","description":"Region in which the service will be hosted, see `upcloud_managed_object_storage_regions` data source.","description_kind":"plain","required":true},"updated_at":{"type":"string","description":"Creation time.","description_kind":"plain","computed":true}},"block_types":{"network":{"nesting_mode":"set","block":{"attributes":{"family":{"type":"string","description":"Network family. IPv6 currently not supported.","description_kind":"plain","required":true},"name":{"type":"string","description":"Network name. Must be unique within the service.","description_kind":"plain","required":true},"type":{"type":"string","description":"Network type.","description_kind":"plain","required":true},"uuid":{"type":"string","description":"Private network uuid. For public networks the field should be omitted.","description_kind":"plain","optional":true}},"description":"Attached networks from where object storage can be used. Private networks must reside in object storage region. To gain access from multiple private networks that might reside in different zones, create the networks and a corresponding router for each network.","description_kind":"plain"}}},"description":"This resource represents an UpCloud Managed Object Storage instance, which provides S3 compatible storage.","description_kind":"plain"}},"upcloud_managed_object_storage_policy":{"version":0,"block":{"attributes":{"arn":{"type":"string","description":"Policy ARN.","description_kind":"plain","computed":true},"attachment_count":{"type":"number","description":"Attachment count.","description_kind":"plain","computed":true},"created_at":{"type":"string","description":"Creation time.","description_kind":"plain","computed":true},"default_version_id":{"type":"string","description":"Default version id.","description_kind":"plain","computed":true},"description":{"type":"string","description":"Description of the policy.","description_kind":"plain","optional":true},"document":{"type":"string","description":"Policy document, URL-encoded compliant with RFC 3986. Extra whitespace and escapes are ignored when determining if the document has changed.","description_kind":"plain","required":true},"id":{"type":"string","description":"ID of the policy. ID is in {object storage UUID}/{policy name} format.","description_kind":"plain","computed":true},"name":{"type":"string","description":"Policy name.","description_kind":"plain","required":true},"service_uuid":{"type":"string","description":"Managed Object Storage service UUID.","description_kind":"plain","required":true},"system":{"type":"bool","description":"Defines whether the policy was set up by the system.","description_kind":"plain","computed":true},"updated_at":{"type":"string","description":"Update time.","description_kind":"plain","computed":true}},"description":"This resource represents an UpCloud Managed Object Storage policy.","description_kind":"plain"}},"upcloud_managed_object_storage_user":{"version":0,"block":{"attributes":{"arn":{"type":"string","description":"User ARN.","description_kind":"plain","computed":true},"created_at":{"type":"string","description":"Creation time.","description_kind":"plain","computed":true},"id":{"type":"string","description_kind":"plain","optional":true,"computed":true},"service_uuid":{"type":"string","description":"Managed Object Storage service UUID.","description_kind":"plain","required":true},"username":{"type":"string","description":"Custom usernames for accessing the object storage. No relation to UpCloud API accounts. See `upcloud_managed_object_storage_user_access_key` for managing access keys and `upcloud_managed_object_storage_user_policy` for managing policies.","description_kind":"plain","required":true}},"description":"This resource represents an UpCloud Managed Object Storage user. No relation to UpCloud API accounts.","description_kind":"plain"}},"upcloud_managed_object_storage_user_access_key":{"version":0,"block":{"attributes":{"access_key_id":{"type":"string","description":"Access key id.","description_kind":"plain","computed":true},"created_at":{"type":"string","description":"Creation time.","description_kind":"plain","computed":true},"id":{"type":"string","description_kind":"plain","optional":true,"computed":true},"last_used_at":{"type":"string","description":"Last used.","description_kind":"plain","computed":true},"secret_access_key":{"type":"string","description":"Secret access key.","description_kind":"plain","computed":true,"sensitive":true},"service_uuid":{"type":"string","description":"Managed Object Storage service UUID.","description_kind":"plain","required":true},"status":{"type":"string","description":"Status of the key. Valid values: `Active`|`Inactive`","description_kind":"plain","required":true},"username":{"type":"string","description":"Username.","description_kind":"plain","required":true}},"description":"This resource represents an UpCloud Managed Object Storage user access key.","description_kind":"plain"}},"upcloud_managed_object_storage_user_policy":{"version":0,"block":{"attributes":{"id":{"type":"string","description_kind":"plain","optional":true,"computed":true},"name":{"type":"string","description":"Policy name.","description_kind":"plain","required":true},"service_uuid":{"type":"string","description":"Managed Object Storage service UUID.","description_kind":"plain","required":true},"username":{"type":"string","description":"Username.","description_kind":"plain","required":true}},"description":"This resource represents an UpCloud Managed Object Storage user policy attachment.","description_kind":"plain"}},"upcloud_network":{"version":0,"block":{"attributes":{"id":{"type":"string","description":"UUID of the network.","description_kind":"markdown","computed":true},"labels":{"type":["map","string"],"description":"User defined key-value pairs to classify the network.","description_kind":"plain","optional":true,"computed":true},"name":{"type":"string","description":"Name of the network.","description_kind":"markdown","required":true},"router":{"type":"string","description":"UUID of a router to attach to this network.","description_kind":"plain","optional":true},"type":{"type":"string","description":"The network type","description_kind":"markdown","computed":true},"zone":{"type":"string","description":"The zone the network is in, e.g. `de-fra1`. You can list available zones with `upctl zone list`.","description_kind":"plain","required":true}},"block_types":{"ip_network":{"nesting_mode":"list","block":{"attributes":{"address":{"type":"string","description":"The CIDR range of the subnet","description_kind":"plain","required":true},"dhcp":{"type":"bool","description":"Is DHCP enabled?","description_kind":"plain","required":true},"dhcp_default_route":{"type":"bool","description":"Is the gateway the DHCP default route?","description_kind":"plain","optional":true,"computed":true},"dhcp_dns":{"type":["set","string"],"description":"The DNS servers given by DHCP","description_kind":"plain","optional":true,"computed":true},"dhcp_routes":{"type":["set","string"],"description":"The additional DHCP classless static routes given by DHCP","description_kind":"plain","optional":true,"computed":true},"family":{"type":"string","description":"IP address family","description_kind":"plain","required":true},"gateway":{"type":"string","description":"Gateway address given by DHCP","description_kind":"plain","optional":true,"computed":true}},"description":"IP subnet within the network. Network must have exactly one IP subnet.","description_kind":"plain"}}},"description":"This resource represents an SDN private network that cloud servers and other resources from the same zone can be attached to.","description_kind":"plain"}},"upcloud_network_peering":{"version":0,"block":{"attributes":{"configured_status":{"type":"string","description":"Configured status of the network peering.","description_kind":"markdown","optional":true,"computed":true},"id":{"type":"string","description":"UUID of the network peering.","description_kind":"markdown","computed":true},"labels":{"type":["map","string"],"description":"User defined key-value pairs to classify the network peering.","description_kind":"plain","optional":true,"computed":true},"name":{"type":"string","description":"Name of the network peering.","description_kind":"markdown","required":true}},"block_types":{"network":{"nesting_mode":"list","block":{"attributes":{"uuid":{"type":"string","description":"The UUID of the network.","description_kind":"plain","required":true}},"description":"Local network of the network peering.","description_kind":"plain"}},"peer_network":{"nesting_mode":"list","block":{"attributes":{"uuid":{"type":"string","description":"The UUID of the network.","description_kind":"plain","required":true}},"description":"Peer network of the network peering.","description_kind":"plain"}}},"description":"Network peerings can be used to connect networks across accounts. For the network peering to become active, the peering must be made from both directions.","description_kind":"plain"}},"upcloud_object_storage":{"version":0,"block":{"attributes":{"access_key":{"type":"string","description":"The access key used to identify user.\n\t\t\t\tCan be set to an empty string, which will tell the provider to get the access key from environment variable.\n\t\t\t\tThe environment variable should be \"UPCLOUD_OBJECT_STORAGE_ACCESS_KEY_{name}\".\n\t\t\t\t{name} is the name given to object storage instance (so not the resource label), it should be all uppercased\n\t\t\t\tand all dashes (-) should be replaced with underscores (_). For example, object storage named \"my-files\" would\n\t\t\t\tuse environment variable named \"UPCLOUD_OBJECT_STORAGE_ACCESS_KEY_MY_FILES\".","description_kind":"plain","required":true},"created":{"type":"string","description_kind":"plain","computed":true},"description":{"type":"string","description":"The description of the object storage instance to be created","description_kind":"plain","optional":true},"id":{"type":"string","description_kind":"plain","optional":true,"computed":true},"name":{"type":"string","description":"The name of the object storage instance to be created","description_kind":"plain","required":true},"secret_key":{"type":"string","description":"The secret key used to authenticate user.\n\t\t\t\tCan be set to an empty string, which will tell the provider to get the secret key from environment variable.\n\t\t\t\tThe environment variable should be \"UPCLOUD_OBJECT_STORAGE_SECRET_KEY_{name}\".\n\t\t\t\t{name} is the name given to object storage instance (so not the resource label), it should be all uppercased\n\t\t\t\tand all dashes (-) should be replaced with underscores (_). For example, object storage named \"my-files\" would\n\t\t\t\tuse environment variable named \"UPCLOUD_OBJECT_STORAGE_SECRET_KEY_MY_FILES\".","description_kind":"plain","required":true},"size":{"type":"number","description":"The size of the object storage instance in gigabytes","description_kind":"plain","required":true},"state":{"type":"string","description_kind":"plain","computed":true},"url":{"type":"string","description_kind":"plain","computed":true},"used_space":{"type":"number","description_kind":"plain","computed":true},"zone":{"type":"string","description":"The zone in which the object storage instance will be created, e.g. `de-fra1`. You can list available zones with `upctl zone list`.","description_kind":"plain","required":true}},"block_types":{"bucket":{"nesting_mode":"set","block":{"attributes":{"name":{"type":"string","description":"The name of the bucket","description_kind":"plain","required":true}},"description_kind":"plain"}}},"description":"~\u003e The `upcloud_object_storage` resource manages previous generatation object storage instances that will reach end of life (EOL) by the end of 2024. For new instances, consider using the new Object Storage product managed with `upcloud_managed_object_storage` resource.\n\nThis resource represents an UpCloud Object Storage instance, which provides S3 compatible storage.","description_kind":"plain","deprecated":true}},"upcloud_router":{"version":0,"block":{"attributes":{"attached_networks":{"type":["list","string"],"description":"List of UUIDs representing networks attached to this router.","description_kind":"plain","computed":true},"id":{"type":"string","description":"UUID of the router.","description_kind":"markdown","computed":true},"labels":{"type":["map","string"],"description":"User defined key-value pairs to classify the router.","description_kind":"plain","optional":true,"computed":true},"name":{"type":"string","description":"Name of the router.","description_kind":"markdown","required":true},"static_routes":{"type":["set",["object",{"name":"string","nexthop":"string","route":"string","type":"string"}]],"description":"A collection of static routes for this router. This set includes both user and service defined static routes. The objects in this set use the same schema as `static_route` blocks.","description_kind":"markdown","computed":true},"type":{"type":"string","description":"Type of the router","description_kind":"markdown","computed":true}},"block_types":{"static_route":{"nesting_mode":"set","block":{"attributes":{"name":{"type":"string","description":"Name or description of the route.","description_kind":"plain","optional":true,"computed":true},"nexthop":{"type":"string","description":"Next hop address. NOTE: For static route to be active the next hop has to be an address of a reachable running Cloud Server in one of the Private Networks attached to the router.","description_kind":"plain","required":true},"route":{"type":"string","description":"Destination prefix of the route.","description_kind":"plain","required":true},"type":{"type":"string","description":"Type of the route.","description_kind":"plain","computed":true}},"description":"A collection of user managed static routes for this router.","description_kind":"plain"}}},"description":"Routers can be used to connect multiple Private Networks. UpCloud Servers on any attached network can communicate directly with each other.","description_kind":"plain"}},"upcloud_server":{"version":0,"block":{"attributes":{"boot_order":{"type":"string","description":"The boot device order, `cdrom`|`disk`|`network` or comma separated combination of those values. Defaults to `disk`","description_kind":"plain","optional":true,"computed":true},"cpu":{"type":"number","description":"The number of CPU for the server","description_kind":"plain","optional":true,"computed":true},"firewall":{"type":"bool","description":"Are firewall rules active for the server","description_kind":"plain","optional":true},"host":{"type":"number","description":"Use this to start the VM on a specific host. Refers to value from host -attribute. Only available for private cloud hosts","description_kind":"plain","optional":true},"hostname":{"type":"string","description":"A valid domain name","description_kind":"plain","required":true},"id":{"type":"string","description_kind":"plain","optional":true,"computed":true},"labels":{"type":["map","string"],"description":"User defined key-value pairs to classify the server.","description_kind":"plain","optional":true},"mem":{"type":"number","description":"The size of memory for the server (in megabytes)","description_kind":"plain","optional":true,"computed":true},"metadata":{"type":"bool","description":"Is the metadata service active for the server","description_kind":"plain","optional":true},"nic_model":{"type":"string","description":"The model of the server's network interfaces","description_kind":"plain","optional":true,"computed":true},"plan":{"type":"string","description":"The pricing plan used for the server. You can list available server plans with `upctl server plans`","description_kind":"plain","optional":true,"computed":true},"server_group":{"type":"string","description":"The UUID of a server group to attach this server to. Note that the server can also be attached to a server group via the `members` property of `upcloud_server_group`. Only one of the these should be defined at a time. This value is only updated if it has been set to non-zero value.","description_kind":"plain","optional":true},"tags":{"type":["set","string"],"description":"The server related tags","description_kind":"plain","optional":true},"timezone":{"type":"string","description":"A timezone identifier, e.g. `Europe/Helsinki`","description_kind":"plain","optional":true,"computed":true},"title":{"type":"string","description":"A short, informational description","description_kind":"plain","optional":true},"user_data":{"type":"string","description":"Defines URL for a server setup script, or the script body itself","description_kind":"plain","optional":true},"video_model":{"type":"string","description":"The model of the server's video interface","description_kind":"plain","optional":true,"computed":true},"zone":{"type":"string","description":"The zone in which the server will be hosted, e.g. `de-fra1`. You can list available zones with `upctl zone list`.","description_kind":"plain","required":true}},"block_types":{"login":{"nesting_mode":"set","block":{"attributes":{"create_password":{"type":"bool","description":"Indicates a password should be create to allow access","description_kind":"plain","optional":true},"keys":{"type":["list","string"],"description":"A list of ssh keys to access the server","description_kind":"plain","optional":true},"password_delivery":{"type":"string","description":"The delivery method for the server's root password (one of `none`, `email` or `sms`)","description_kind":"plain","optional":true},"user":{"type":"string","description":"Username to be create to access the server","description_kind":"plain","optional":true}},"description":"Configure access credentials to the server","description_kind":"plain"},"max_items":1},"network_interface":{"nesting_mode":"list","block":{"attributes":{"bootable":{"type":"bool","description":"`true` if this interface should be used for network booting.","description_kind":"plain","optional":true},"ip_address":{"type":"string","description":"The assigned primary IP address.","description_kind":"plain","optional":true,"computed":true},"ip_address_family":{"type":"string","description":"The type of the primary IP address of this interface (one of `IPv4` or `IPv6`).","description_kind":"plain","optional":true},"ip_address_floating":{"type":"bool","description":"`true` indicates that the primary IP address is a floating IP address.","description_kind":"plain","computed":true},"mac_address":{"type":"string","description":"The assigned MAC address.","description_kind":"plain","computed":true},"network":{"type":"string","description":"The unique ID of a network to attach this network to.","description_kind":"plain","optional":true,"computed":true},"source_ip_filtering":{"type":"bool","description":"`true` if source IP should be filtered.","description_kind":"plain","optional":true},"type":{"type":"string","description":"Network interface type. For private network interfaces, a network must be specified with an existing network id.","description_kind":"plain","required":true}},"block_types":{"additional_ip_address":{"nesting_mode":"set","block":{"attributes":{"ip_address":{"type":"string","description":"The assigned additional IP address.","description_kind":"plain","optional":true,"computed":true},"ip_address_family":{"type":"string","description":"The type of this additional IP address of this interface (one of `IPv4` or `IPv6`).","description_kind":"plain","optional":true},"ip_address_floating":{"type":"bool","description":"`true` indicates that the additional IP address is a floating IP address.","description_kind":"plain","computed":true}},"description":"0-4 blocks of additional IP addresses to assign to this interface. Allowed only with network interfaces of type `private`","description_kind":"plain"},"max_items":4}},"description":"One or more blocks describing the network interfaces of the server.","description_kind":"plain"},"min_items":1},"simple_backup":{"nesting_mode":"set","block":{"attributes":{"plan":{"type":"string","description":"Simple backup plan. Accepted values: daily, dailies, weeklies, monthlies.","description_kind":"plain","required":true},"time":{"type":"string","description":"Time of the day at which backup will be taken. Should be provided in a hhmm format (e.g. 2230).","description_kind":"plain","required":true}},"description":"Simple backup schedule configuration  \n\t\t\t\tThe idea behind simple backups is to provide a simplified way of backing up *all* of the storages attached to a given server. \n\t\t\t\tThis means you cannot have simple backup set for a server, and then some individual backup_rules on the storages attached to said server. \n\t\t\t\tSuch configuration will throw an error during execution. This also apply to backup_rules set for server templates.  \n\t\t\t\tAlso, due to how UpCloud API works with simple backups and how Terraform orders the update operations, \n\t\t\t\tit is advised to never switch between simple_backup on the server and individual storages backup_rules in one apply.\n\t\t\t\tIf you want to switch from using server simple backup to per-storage defined backup rules, \n\t\t\t\tplease first remove simple_backup block from a server, run 'terraform apply', \n\t\t\t\tthen add backup_rule to desired storages and run 'terraform apply' again.","description_kind":"plain"},"max_items":1},"storage_devices":{"nesting_mode":"set","block":{"attributes":{"address":{"type":"string","description":"The device address the storage will be attached to (`scsi`|`virtio`|`ide`). Leave `address_position` field empty to auto-select next available address from that bus.","description_kind":"plain","optional":true,"computed":true},"address_position":{"type":"string","description":"The device position in the given bus (defined via field `address`). Valid values for address `virtio` are `0-15` (`0`, for example). Valid values for `scsi` or `ide` are `0-1:0-1` (`0:0`, for example). Leave empty to auto-select next available address in the given bus.","description_kind":"plain","optional":true,"computed":true},"storage":{"type":"string","description":"A valid storage UUID","description_kind":"plain","required":true},"type":{"type":"string","description":"The device type the storage will be attached as","description_kind":"plain","optional":true,"computed":true}},"description":"A list of storage devices associated with the server","description_kind":"plain"}},"template":{"nesting_mode":"list","block":{"attributes":{"address":{"type":"string","description":"The device address the storage will be attached to (`scsi`|`virtio`|`ide`). Leave `address_position` field empty to auto-select next available address from that bus.","description_kind":"plain","optional":true,"computed":true},"address_position":{"type":"string","description":"The device position in the given bus (defined via field `address`). For example `0:0`, or `0`. Leave empty to auto-select next available address in the given bus.","description_kind":"plain","optional":true,"computed":true},"delete_autoresize_backup":{"type":"bool","description":"If set to true, the backup taken before the partition and filesystem resize attempt will be deleted immediately after success.","description_kind":"plain","optional":true},"encrypt":{"type":"bool","description":"Sets if the storage is encrypted at rest","description_kind":"plain","optional":true},"filesystem_autoresize":{"type":"bool","description":"If set to true, provider will attempt to resize partition and filesystem when the size of template storage changes.\n\t\t\t\t\t\t\tPlease note that before the resize attempt is made, backup of the storage will be taken. If the resize attempt fails, the backup will be used\n\t\t\t\t\t\t\tto restore the storage and then deleted. If the resize attempt succeeds, backup will be kept (unless delete_autoresize_backup option is set to true).\n\t\t\t\t\t\t\tTaking and keeping backups incure costs.","description_kind":"plain","optional":true},"id":{"type":"string","description":"The unique identifier for the storage","description_kind":"plain","computed":true},"size":{"type":"number","description":"The size of the storage in gigabytes","description_kind":"plain","optional":true,"computed":true},"storage":{"type":"string","description":"A valid storage UUID or template name. You can list available public templates with `upctl storage list --public --template` and available private templates with `upctl storage list --template`.","description_kind":"plain","required":true},"tier":{"type":"string","description":"The storage tier to use","description_kind":"plain","computed":true},"title":{"type":"string","description":"A short, informative description","description_kind":"plain","optional":true,"computed":true}},"block_types":{"backup_rule":{"nesting_mode":"list","block":{"attributes":{"interval":{"type":"string","description":"The weekday when the backup is created","description_kind":"plain","required":true},"retention":{"type":"number","description":"The number of days before a backup is automatically deleted","description_kind":"plain","required":true},"time":{"type":"string","description":"The time of day when the backup is created","description_kind":"plain","required":true}},"description":"The criteria to backup the storage.\n\n\tPlease keep in mind that it's not possible to have a storage with `backup_rule` attached to a server with `simple_backup` specified. Such configurations will throw errors during execution.\n\n\tAlso, due to how UpCloud API works with simple backups and how Terraform orders the update operations, it is advised to never switch between `simple_backup` on the server and individual storages `backup_rules` in one apply. If you want to switch from using server simple backup to per-storage defined backup rules,  please first remove simple_backup block from a server, run `terraform apply`, then add `backup_rule` to desired storages and run `terraform apply` again.","description_kind":"plain"},"max_items":1}},"description":"Block describing the preconfigured operating system","description_kind":"plain"},"max_items":1}},"description":"The UpCloud server resource allows the creation, update and deletion of a [cloud server](https://upcloud.com/products/cloud-servers).","description_kind":"plain"}},"upcloud_server_group":{"version":0,"block":{"attributes":{"anti_affinity_policy":{"type":"string","description":"Defines if a server group is an anti-affinity group. Setting this to `strict` or `yes` will\n\tresult in all servers in the group being placed on separate compute hosts. The value can be `strict`, `yes`, or `no`.\n\n\t* `strict` policy doesn't allow servers in the same server group to be on the same host\n\t* `yes` refers to best-effort policy and tries to put servers on different hosts, but this is not guaranteed\n\t* `no` refers to having no policy and thus no effect on server host affinity\n\n\tTo verify if the anti-affinity policies are met by requesting a server group details from API. For more information\n\tplease see UpCloud API documentation on server groups.\n\n\tPlese also note that anti-affinity policies are only applied on server start. This means that if anti-affinity\n\tpolicies in server group are not met, you need to manually restart the servers in said group,\n\tfor example via API, UpCloud Control Panel or upctl (UpCloud CLI)","description_kind":"markdown","optional":true,"computed":true},"id":{"type":"string","description":"UUID of the server group.","description_kind":"markdown","computed":true},"labels":{"type":["map","string"],"description":"User defined key-value pairs to classify the server group.","description_kind":"plain","optional":true,"computed":true},"members":{"type":["set","string"],"description":"UUIDs of the servers that are members of this group. Servers can also be attached to the server group via `server_group` property of `upcloud_server`. See also `track_members` property.","description_kind":"markdown","optional":true},"title":{"type":"string","description":"Title of your server group","description_kind":"markdown","required":true},"track_members":{"type":"bool","description":"Controls if members of the server group are being tracked in this resource. Set to `false` when using `server_group` property of `upcloud_server` to attach servers to the server group to avoid delayed state updates.","description_kind":"markdown","optional":true,"computed":true}},"description":"Server groups allow grouping servers and defining anti-affinity for the servers.","description_kind":"markdown"}},"upcloud_storage":{"version":0,"block":{"attributes":{"delete_autoresize_backup":{"type":"bool","description":"If set to true, the backup taken before the partition and filesystem resize attempt will be deleted immediately after success.","description_kind":"markdown","optional":true,"computed":true},"encrypt":{"type":"bool","description":"Sets if the storage is encrypted at rest.","description_kind":"markdown","optional":true,"computed":true},"filesystem_autoresize":{"type":"bool","description":"If set to true, provider will attempt to resize partition and filesystem when the size of the storage changes. Please note that before the resize attempt is made, backup of the storage will be taken. If the resize attempt fails, the backup will be used to restore the storage and then deleted. If the resize attempt succeeds, backup will be kept (unless `delete_autoresize_backup` option is set to true).\n\t\t\t\tTaking and keeping backups incure costs.","description_kind":"markdown","optional":true,"computed":true},"id":{"type":"string","description":"UUID of the storage.","description_kind":"markdown","computed":true},"labels":{"type":["map","string"],"description":"User defined key-value pairs to classify the storage.","description_kind":"plain","optional":true,"computed":true},"size":{"type":"number","description":"The size of the storage in gigabytes.","description_kind":"markdown","required":true},"system_labels":{"type":["map","string"],"description":"System defined key-value pairs to classify the storage. The keys of system defined labels are prefixed with underscore and can not be modified by the user.","description_kind":"plain","computed":true},"tier":{"type":"string","description":"The tier of the storage.","description_kind":"markdown","optional":true,"computed":true},"title":{"type":"string","description":"The title of the storage.","description_kind":"markdown","required":true},"type":{"type":"string","description":"The type of the storage.","description_kind":"markdown","computed":true},"zone":{"type":"string","description":"The zone the storage is in, e.g. `de-fra1`. You can list available zones with `upctl zone list`.","description_kind":"markdown","required":true}},"block_types":{"backup_rule":{"nesting_mode":"list","block":{"attributes":{"interval":{"type":"string","description":"The weekday when the backup is created","description_kind":"plain","required":true},"retention":{"type":"number","description":"The number of days before a backup is automatically deleted","description_kind":"plain","required":true},"time":{"type":"string","description":"The time of day when the backup is created","description_kind":"plain","required":true}},"description":"The criteria to backup the storage.\n\n\tPlease keep in mind that it's not possible to have a storage with `backup_rule` attached to a server with `simple_backup` specified. Such configurations will throw errors during execution.\n\n\tAlso, due to how UpCloud API works with simple backups and how Terraform orders the update operations, it is advised to never switch between `simple_backup` on the server and individual storages `backup_rules` in one apply. If you want to switch from using server simple backup to per-storage defined backup rules,  please first remove simple_backup block from a server, run `terraform apply`, then add `backup_rule` to desired storages and run `terraform apply` again.","description_kind":"markdown"}},"clone":{"nesting_mode":"set","block":{"attributes":{"id":{"type":"string","description":"The unique identifier of the storage/template to clone.","description_kind":"markdown","required":true}},"description":"Block defining another storage/template to clone to storage.","description_kind":"markdown"}},"import":{"nesting_mode":"set","block":{"attributes":{"sha256sum":{"type":"string","description":"sha256 sum of the imported data","description_kind":"markdown","computed":true},"source":{"type":"string","description":"The mode of the import task. One of `http_import` or `direct_upload`.","description_kind":"markdown","required":true},"source_hash":{"type":"string","description":"SHA256 hash of the source content. This hash is used to verify the integrity of the imported data by comparing it to `sha256sum` after the import has completed. Possible filename is automatically removed from the hash before comparison.","description_kind":"markdown","optional":true},"source_location":{"type":"string","description":"The location of the file to import. For `http_import` an accessible URL for `direct_upload` a local file.","description_kind":"markdown","required":true},"written_bytes":{"type":"number","description":"Number of bytes imported","description_kind":"markdown","computed":true}},"description":"Block defining external data to import to storage","description_kind":"markdown"}}},"description":"Manages UpCloud [Block Storage](https://upcloud.com/products/block-storage) devices.","description_kind":"markdown"}},"upcloud_storage_template":{"version":0,"block":{"attributes":{"encrypt":{"type":"bool","description":"Sets if the storage is encrypted at rest.","description_kind":"markdown","computed":true},"id":{"type":"string","description":"UUID of the storage.","description_kind":"markdown","computed":true},"labels":{"type":["map","string"],"description":"User defined key-value pairs to classify the storage.","description_kind":"plain","optional":true,"computed":true},"size":{"type":"number","description":"The size of the storage in gigabytes.","description_kind":"markdown","computed":true},"source_storage":{"type":"string","description":"The source storage that is used as a base for this storage template.","description_kind":"markdown","required":true},"system_labels":{"type":["map","string"],"description":"System defined key-value pairs to classify the storage. The keys of system defined labels are prefixed with underscore and can not be modified by the user.","description_kind":"plain","computed":true},"tier":{"type":"string","description":"The tier of the storage.","description_kind":"markdown","computed":true},"title":{"type":"string","description":"The title of the storage.","description_kind":"markdown","required":true},"type":{"type":"string","description":"The type of the storage.","description_kind":"markdown","computed":true},"zone":{"type":"string","description":"The zone the storage is in, e.g. `de-fra1`.","description_kind":"markdown","computed":true}},"description":"Manages UpCloud storage templates. The storage templates are stored in the system as storages with `template` type.","description_kind":"markdown"}},"upcloud_tag":{"version":0,"block":{"attributes":{"description":{"type":"string","description":"Free form text representing the meaning of the tag","description_kind":"plain","optional":true},"id":{"type":"string","description_kind":"plain","optional":true,"computed":true},"name":{"type":"string","description":"The value representing the tag","description_kind":"plain","required":true},"servers":{"type":["set","string"],"description":"A collection of servers that have been assigned the tag","description_kind":"plain","optional":true}},"description":"This resource is deprecated, use tags schema in server resource","description_kind":"plain"}}},"data_source_schemas":{"upcloud_hosts":{"version":0,"block":{"attributes":{"id":{"type":"string","description_kind":"plain","computed":true}},"block_types":{"hosts":{"nesting_mode":"set","block":{"attributes":{"description":{"type":"string","description":"Free form text describing the host","description_kind":"plain","computed":true},"host_id":{"type":"number","description":"The unique id of the host","description_kind":"plain","computed":true},"zone":{"type":"string","description":"The zone the host is in, e.g. `de-fra1`. You can list available zones with `upctl zone list`.","description_kind":"plain","computed":true}},"description_kind":"plain"}}},"description":"Returns a list of available UpCloud hosts. \n\t\tA host identifies the host server that virtual machines are run on. \n\t\tOnly hosts on private cloud to which the calling account has access to are available through this resource.","description_kind":"plain"}},"upcloud_ip_addresses":{"version":0,"block":{"attributes":{"addresses":{"type":["set",["object",{"access":"string","address":"string","family":"string","floating":"bool","mac":"string","part_of_plan":"bool","ptr_record":"string","server":"string","zone":"string"}]],"description_kind":"plain","computed":true},"id":{"type":"string","description_kind":"plain","optional":true,"computed":true}},"description":"Returns a set of IP Addresses that are associated with the UpCloud account.","description_kind":"plain"}},"upcloud_kubernetes_cluster":{"version":0,"block":{"attributes":{"client_certificate":{"type":"string","description":"TLS authentication client certificate, encoded (PEM).","description_kind":"plain","computed":true},"client_key":{"type":"string","description":"Key to pair with `client_certificate`, encoded (PEM).","description_kind":"plain","computed":true,"sensitive":true},"cluster_ca_certificate":{"type":"string","description":"TLS authentication root certificate bundle, encoded (PEM).","description_kind":"plain","computed":true},"host":{"type":"string","description":"Hostname of the cluster API. Defined as URI.","description_kind":"plain","computed":true},"id":{"type":"string","description":"UUID of the cluster.","description_kind":"plain","required":true},"kubeconfig":{"type":"string","description":"Kubernetes config file contents for the cluster.","description_kind":"plain","computed":true,"sensitive":true},"name":{"type":"string","description":"Cluster name. Needs to be unique within the account.","description_kind":"plain","computed":true}},"description":"Managed Kubernetes cluster details. Please refer to [Terraform documentation on sensitive data](https://www.terraform.io/language/state/sensitive-data) to keep the credential data as safe as possible.","description_kind":"markdown"}},"upcloud_managed_database_mysql_sessions":{"version":0,"block":{"attributes":{"id":{"type":"string","description_kind":"plain","optional":true,"computed":true},"limit":{"type":"number","description":"Number of entries to receive at most.","description_kind":"plain","optional":true},"offset":{"type":"number","description":"Offset for retrieved results based on sort order.","description_kind":"plain","optional":true},"order":{"type":"string","description":"Order by session field and sort retrieved results. Limited variables can be used for ordering.","description_kind":"plain","optional":true},"service":{"type":"string","description":"Service's UUID for which these sessions belongs to","description_kind":"plain","required":true}},"block_types":{"sessions":{"nesting_mode":"set","block":{"attributes":{"application_name":{"type":"string","description":"Name of the application that is connected to this service.","description_kind":"plain","computed":true},"client_addr":{"type":"string","description":"IP address of the client connected to this service.","description_kind":"plain","computed":true},"datname":{"type":"string","description":"Name of the database this service is connected to.","description_kind":"plain","computed":true},"id":{"type":"string","description":"Process ID of this service.","description_kind":"plain","computed":true},"query":{"type":"string","description":"Text of this service's most recent query. If state is active this field shows the currently executing query. In all other states, it shows an empty string.","description_kind":"plain","computed":true},"query_duration":{"type":"string","description":"The active query current duration.","description_kind":"plain","computed":true},"state":{"type":"string","description":"Current overall state of this service: active: The service is executing a query, idle: The service is waiting for a new client command.","description_kind":"plain","computed":true},"usename":{"type":"string","description":"Name of the user logged into this service.","description_kind":"plain","computed":true}},"description":"Current sessions","description_kind":"plain"}}},"description":"Current sessions of a MySQL managed database","description_kind":"plain"}},"upcloud_managed_database_opensearch_indices":{"version":0,"block":{"attributes":{"id":{"type":"string","description_kind":"plain","optional":true,"computed":true},"service":{"type":"string","description":"Service's UUID for which these indices belongs to","description_kind":"plain","required":true}},"block_types":{"indices":{"nesting_mode":"set","block":{"attributes":{"create_time":{"type":"string","description":"Timestamp indicating the creation time of the index.","description_kind":"plain","computed":true},"docs":{"type":"number","description":"Number of documents stored in the index.","description_kind":"plain","computed":true},"health":{"type":"string","description":"Health status of the index e.g. `green`, `yellow`, or `red`.","description_kind":"plain","computed":true},"index_name":{"type":"string","description":"Name of the index.","description_kind":"plain","computed":true},"number_of_replicas":{"type":"number","description":"Number of replicas configured for the index.","description_kind":"plain","computed":true},"number_of_shards":{"type":"number","description":"Number of shards configured \u0026 used by the index.","description_kind":"plain","computed":true},"read_only_allow_delete":{"type":"bool","description":"Indicates whether the index is in a read-only state that permits deletion of the entire index. This attribute can be automatically set to true in certain scenarios where the node disk space exceeds the flood stage.","description_kind":"plain","computed":true},"size":{"type":"number","description":"Size of the index in bytes.","description_kind":"plain","computed":true},"status":{"type":"string","description":"Status of the index e.g. `open` or `closed`.","description_kind":"plain","computed":true}},"description":"Available indices for OpenSearch","description_kind":"plain"}}},"description":"OpenSearch indices","description_kind":"plain"}},"upcloud_managed_database_postgresql_sessions":{"version":0,"block":{"attributes":{"id":{"type":"string","description_kind":"plain","optional":true,"computed":true},"limit":{"type":"number","description":"Number of entries to receive at most.","description_kind":"plain","optional":true},"offset":{"type":"number","description":"Offset for retrieved results based on sort order.","description_kind":"plain","optional":true},"order":{"type":"string","description":"Order by session field and sort retrieved results. Limited variables can be used for ordering.","description_kind":"plain","optional":true},"service":{"type":"string","description":"Service's UUID for which these sessions belongs to","description_kind":"plain","required":true}},"block_types":{"sessions":{"nesting_mode":"set","block":{"attributes":{"application_name":{"type":"string","description":"Name of the application that is connected to this service.","description_kind":"plain","computed":true},"backend_start":{"type":"string","description":"Time when this process was started, i.e., when the client connected to the server.","description_kind":"plain","computed":true},"backend_type":{"type":"string","description":"Type of current service.","description_kind":"plain","computed":true},"backend_xid":{"type":"number","description":"Top-level transaction identifier of this service, if any.","description_kind":"plain","optional":true,"computed":true},"backend_xmin":{"type":"number","description":"The current service's xmin horizon.","description_kind":"plain","optional":true,"computed":true},"client_addr":{"type":"string","description":"IP address of the client connected to this service. If this field is null, it indicates either that the client is connected via a Unix socket on the server machine or that this is an internal process such as autovacuum.","description_kind":"plain","computed":true},"client_hostname":{"type":"string","description":"Host name of the connected client, as reported by a reverse DNS lookup of `client_addr`.","description_kind":"plain","optional":true,"computed":true},"client_port":{"type":"number","description":"TCP port number that the client is using for communication with this service, or -1 if a Unix socket is used.","description_kind":"plain","computed":true},"datid":{"type":"number","description":"OID of the database this service is connected to.","description_kind":"plain","computed":true},"datname":{"type":"string","description":"Name of the database this service is connected to.","description_kind":"plain","computed":true},"id":{"type":"string","description":"Process ID of this service.","description_kind":"plain","computed":true},"query":{"type":"string","description":"Text of this service's most recent query. If state is active this field shows the currently executing query. In all other states, it shows the last query that was executed.","description_kind":"plain","computed":true},"query_duration":{"type":"string","description":"The active query current duration.","description_kind":"plain","computed":true},"query_start":{"type":"string","description":"Time when the currently active query was started, or if state is not active, when the last query was started.","description_kind":"plain","computed":true},"state":{"type":"string","description":"Current overall state of this service: active: The service is executing a query, idle: The service is waiting for a new client command.","description_kind":"plain","computed":true},"state_change":{"type":"string","description":"Time when the state was last changed.","description_kind":"plain","computed":true},"usename":{"type":"string","description":"Name of the user logged into this service.","description_kind":"plain","computed":true},"usesysid":{"type":"number","description":"OID of the user logged into this service.","description_kind":"plain","computed":true},"wait_event":{"type":"string","description":"Wait event name if service is currently waiting.","description_kind":"plain","computed":true},"wait_event_type":{"type":"string","description":"The type of event for which the service is waiting, if any; otherwise NULL.","description_kind":"plain","computed":true},"xact_start":{"type":"string","description":"Time when this process' current transaction was started, or null if no transaction is active.","description_kind":"plain","optional":true,"computed":true}},"description":"Current sessions","description_kind":"plain"}}},"description":"Current sessions of a PostgreSQL managed database","description_kind":"plain"}},"upcloud_managed_database_redis_sessions":{"version":0,"block":{"attributes":{"id":{"type":"string","description_kind":"plain","optional":true,"computed":true},"limit":{"type":"number","description":"Number of entries to receive at most.","description_kind":"plain","optional":true},"offset":{"type":"number","description":"Offset for retrieved results based on sort order.","description_kind":"plain","optional":true},"order":{"type":"string","description":"Order by session field and sort retrieved results. Limited variables can be used for ordering.","description_kind":"plain","optional":true},"service":{"type":"string","description":"Service's UUID for which these sessions belongs to","description_kind":"plain","required":true}},"block_types":{"sessions":{"nesting_mode":"set","block":{"attributes":{"active_channel_subscriptions":{"type":"number","description":"Number of active channel subscriptions","description_kind":"plain","computed":true},"active_database":{"type":"string","description":"Current database ID","description_kind":"plain","computed":true},"active_pattern_matching_channel_subscriptions":{"type":"number","description":"Number of pattern matching subscriptions.","description_kind":"plain","computed":true},"application_name":{"type":"string","description":"Name of the application that is connected to this service.","description_kind":"plain","computed":true},"client_addr":{"type":"string","description":"Number of pattern matching subscriptions.","description_kind":"plain","computed":true},"connection_age":{"type":"number","description":"Total duration of the connection in nanoseconds.","description_kind":"plain","computed":true},"connection_idle":{"type":"number","description":"Idle time of the connection in nanoseconds.","description_kind":"plain","computed":true},"flags":{"type":["set","string"],"description":"A set containing flags' descriptions.","description_kind":"plain","computed":true},"flags_raw":{"type":"string","description":"Client connection flags in raw string format.","description_kind":"plain","computed":true},"id":{"type":"string","description":"Process ID of this session.","description_kind":"plain","computed":true},"multi_exec_commands":{"type":"number","description":"Number of commands in a MULTI/EXEC context.","description_kind":"plain","computed":true},"output_buffer":{"type":"number","description":"Output buffer length.","description_kind":"plain","computed":true},"output_buffer_memory":{"type":"number","description":"Output buffer memory usage.","description_kind":"plain","computed":true},"output_list_length":{"type":"number","description":"Output list length (replies are queued in this list when the buffer is full).","description_kind":"plain","computed":true},"query":{"type":"string","description":"The last executed command.","description_kind":"plain","computed":true},"query_buffer":{"type":"number","description":"Query buffer length (0 means no query pending).","description_kind":"plain","computed":true},"query_buffer_free":{"type":"number","description":"Free space of the query buffer (0 means the buffer is full).","description_kind":"plain","computed":true}},"description":"Current sessions","description_kind":"plain"}}},"description":"Current sessions of a Redis managed database","description_kind":"plain"}},"upcloud_managed_object_storage_policies":{"version":0,"block":{"attributes":{"id":{"type":"string","description_kind":"plain","optional":true,"computed":true},"policies":{"type":["set",["object",{"arn":"string","attachment_count":"number","created_at":"string","default_version_id":"string","description":"string","document":"string","name":"string","service_uuid":"string","system":"bool","updated_at":"string"}]],"description":"Policies.","description_kind":"plain","computed":true},"service_uuid":{"type":"string","description":"Service UUID.","description_kind":"plain","required":true}},"description":"Policies available for a Managed Object Storage resource. See `managed_object_storage_user_policy` for attaching to a user.","description_kind":"plain"}},"upcloud_managed_object_storage_regions":{"version":0,"block":{"attributes":{"id":{"type":"string","description_kind":"plain","computed":true}},"block_types":{"regions":{"nesting_mode":"set","block":{"attributes":{"name":{"type":"string","description":"Name of the region.","description_kind":"plain","computed":true},"primary_zone":{"type":"string","description":"Primary zone of the region.","description_kind":"plain","computed":true},"zones":{"type":["set","string"],"description":"List of zones in the region.","description_kind":"plain","computed":true}},"description_kind":"plain"}}},"description":"Returns a list of available Managed Object Storage regions.","description_kind":"plain"}},"upcloud_networks":{"version":0,"block":{"attributes":{"filter_name":{"type":"string","description":"If specified, results will be filtered to match name using a regular expression","description_kind":"plain","optional":true},"id":{"type":"string","description_kind":"plain","optional":true,"computed":true},"networks":{"type":["set",["object",{"id":"string","ip_network":["set",["object",{"address":"string","dhcp":"bool","dhcp_default_route":"bool","dhcp_dns":["list","string"],"dhcp_routes":["set","string"],"family":"string","gateway":"string"}]],"name":"string","servers":["set",["object",{"id":"string","title":"string"}]],"type":"string","zone":"string"}]],"description_kind":"plain","computed":true},"zone":{"type":"string","description":"If specified, this data source will return only networks from this zone","description_kind":"plain","optional":true}},"description":"Use this data source to get the available UpCloud networks.","description_kind":"plain"}},"upcloud_storage":{"version":0,"block":{"attributes":{"access_type":{"type":"string","description":"Storage access type (public, private)","description_kind":"plain","optional":true,"computed":true},"id":{"type":"string","description_kind":"plain","optional":true,"computed":true},"most_recent":{"type":"bool","description":"If more than one result is returned, use the most recent storage. This is only useful with private storages. Public storages might give unpredictable results.","description_kind":"plain","optional":true},"name":{"type":"string","description":"Exact name of the storage (same as title)","description_kind":"plain","optional":true},"name_regex":{"type":"string","description":"Use regular expression to match storage name","description_kind":"plain","optional":true},"size":{"type":"number","description":"Size of the storage in gigabytes","description_kind":"plain","computed":true},"state":{"type":"string","description":"Current state of the storage","description_kind":"plain","computed":true},"tier":{"type":"string","description":"Storage tier in use","description_kind":"plain","computed":true},"title":{"type":"string","description":"Title of the storage","description_kind":"plain","computed":true},"type":{"type":"string","description":"Storage type (normal, backup, cdrom, template). Use 'favorite' as type to filter storages on the list of favorites.","description_kind":"plain","required":true},"zone":{"type":"string","description":"The zone in which the storage resides, e.g. `de-fra1`. You can list available zones with `upctl zone list`.","description_kind":"plain","optional":true,"computed":true}},"description":"\nReturns storage resource information based on defined arguments.  \n\nData object can be used to map storage to other resource based on the ID or just to read some other storage property like zone information.  \nStorage types are: normal, backup, cdrom, template","description_kind":"plain"}},"upcloud_tags":{"version":0,"block":{"attributes":{"id":{"type":"string","description_kind":"plain","optional":true,"computed":true},"tags":{"type":["set",["object",{"description":"string","name":"string","servers":["set","string"]}]],"description_kind":"plain","computed":true}},"description":"Data-source is deprecated.","description_kind":"plain"}},"upcloud_zone":{"version":0,"block":{"attributes":{"description":{"type":"string","description":"Identifier of the zone. Contains the same value as `id`.","description_kind":"plain","computed":true},"id":{"type":"string","description":"Identifier of the zone.","description_kind":"plain","optional":true,"computed":true},"name":{"type":"string","description":"Identifier of the zone. Contains the same value as `id`. If both `id` and `name` are set, `id` takes precedence.","description_kind":"plain","deprecated":true,"optional":true,"computed":true},"parent_zone":{"type":"string","description":"Public parent zone of an private cloud zone. Empty for public zones.","description_kind":"plain","computed":true},"public":{"type":"bool","description":"Indicates whether the zone is a public zone.","description_kind":"plain","computed":true}},"description":"Provides details on given zone.","description_kind":"plain"}},"upcloud_zones":{"version":0,"block":{"attributes":{"filter_type":{"type":"string","description":"Filter zones by type. Possible values are \"all\", \"public\" and \"private\". Default is \"public\".","description_kind":"plain","optional":true},"id":{"type":"string","description_kind":"plain","computed":true},"zone_ids":{"type":["set","string"],"description":"List of zone IDs.","description_kind":"plain","computed":true}},"description":"Returns a list of available UpCloud zones.","description_kind":"plain","deprecated":true}}}}}}
